{
  "version": 1,
  "dependencies": {
    "UAP,Version=v10.0.17763": {
      "Microsoft.JavaScript.Hermes": {
        "type": "Direct",
        "requested": "[0.0.0-2510.15001-6f45e5b5, )",
        "resolved": "0.0.0-2510.15001-6f45e5b5",
        "contentHash": "vtva00nwtxi9MnP4fLqq+GTm4Ca+wUs+AVewFF/n4A1iE4NSCRCBp5JaGjnXkEvFmbx0xyj0MQra69zAa7dPEA=="
      },
      "Microsoft.NETCore.UniversalWindowsPlatform": {
        "type": "Direct",
        "requested": "[6.2.14, )",
        "resolved": "6.2.14",
        "contentHash": "7Mi4cS8JQ7gqm+W+SRCq13c2Rr0yZTuczC9EbV6gRigE2ZhQalnLHyat0ZshT5HDMSkFDxTyjwZymUgFuv3+eg==",
        "dependencies": {
          "Microsoft.NETCore.Platforms": "2.1.0",
          "Microsoft.Net.Native.Compiler": "2.2.12-rel-31116-00",
          "Microsoft.Net.UWPCoreRuntimeSdk": "2.2.14",
          "NETStandard.Library": "2.0.3"
        }
      },
      "Microsoft.UI.Xaml": {
        "type": "Direct",
        "requested": "[2.8.0, )",
        "resolved": "2.8.0",
        "contentHash": "vxdHxTr63s5KVtNddMFpgvjBjUH50z7seq/5jLWmmSuf8poxg+sXrywkofUdE8ZstbpO9y3FL/IXXUcPYbeesA==",
        "dependencies": {
          "Microsoft.Web.WebView2": "1.0.1264.42"
        }
      },
      "boost": {
        "type": "Transitive",
        "resolved": "1.83.0",
        "contentHash": "cy53VNMzysEMvhBixDe8ujPk67Fcj3v6FPHQnH91NYJNLHpc6jxa2xq9ruCaaJjE4M3YrGSHDi4uUSTGBWw6EQ=="
      },
      "Microsoft.Build.Tasks.Git": {
        "type": "Transitive",
        "resolved": "1.1.1",
        "contentHash": "AT3HlgTjsqHnWpBHSNeR0KxbLZD7bztlZVj7I8vgeYG9SYqbeFGh0TM/KVtC6fg53nrWHl3VfZFvb5BiQFcY6Q=="
      },
      "Microsoft.Net.Native.Compiler": {
        "type": "Transitive",
        "resolved": "2.2.12-rel-31116-00",
        "contentHash": "DuANSYEBO7qcIeqzI1mShJMweuQVBycbCRUW6mIb1QxorSiWLSWEJZNv/X7TdW3dcjfZdZFVsEWDCnJUolIPrQ==",
        "dependencies": {
          "runtime.win10-arm.Microsoft.Net.Native.Compiler": "2.2.12-rel-31116-00",
          "runtime.win10-arm64.Microsoft.Net.Native.Compiler": "2.2.12-rel-31116-00",
          "runtime.win10-x64.Microsoft.Net.Native.Compiler": "2.2.12-rel-31116-00",
          "runtime.win10-x86.Microsoft.Net.Native.Compiler": "2.2.12-rel-31116-00"
        }
      },
      "Microsoft.Net.UWPCoreRuntimeSdk": {
        "type": "Transitive",
        "resolved": "2.2.14",
        "contentHash": "THMsLyB29wqd9ZI9c05hoMb788QQ5ClsXwLjpt7omTk/OvtUERWgwD6q85s5aSMdze50uhPZDRF/+uju8Lqhgw==",
        "dependencies": {
          "runtime.win10-arm.Microsoft.Net.UWPCoreRuntimeSdk": "2.2.14",
          "runtime.win10-x64.Microsoft.Net.UWPCoreRuntimeSdk": "2.2.14",
          "runtime.win10-x86.Microsoft.Net.UWPCoreRuntimeSdk": "2.2.14"
        }
      },
      "Microsoft.NETCore.Platforms": {
        "type": "Transitive",
        "resolved": "2.1.0",
        "contentHash": "ok+RPAtESz/9MUXeIEz6Lv5XAGQsaNmEYXMsgVALj4D7kqC8gveKWXWXbufLySR2fWrwZf8smyN5RmHu0e4BHA=="
      },
      "Microsoft.SourceLink.Common": {
        "type": "Transitive",
        "resolved": "1.1.1",
        "contentHash": "WMcGpWKrmJmzrNeuaEb23bEMnbtR/vLmvZtkAP5qWu7vQsY59GqfRJd65sFpBszbd2k/bQ8cs8eWawQKAabkVg=="
      },
      "Microsoft.SourceLink.GitHub": {
        "type": "Transitive",
        "resolved": "1.1.1",
        "contentHash": "IaJGnOv/M7UQjRJks7B6p7pbPnOwisYGOIzqCz5ilGFTApZ3ktOR+6zJ12ZRPInulBmdAf1SrGdDG2MU8g6XTw==",
        "dependencies": {
          "Microsoft.Build.Tasks.Git": "1.1.1",
          "Microsoft.SourceLink.Common": "1.1.1"
        }
      },
      "Microsoft.Web.WebView2": {
        "type": "Transitive",
        "resolved": "1.0.1264.42",
        "contentHash": "7OBUTkzQ5VI/3gb0ufi5U4zjuCowAJwQg2li0zXXzqkM+S1kmOlivTy1R4jAW+gY5Vyg510M+qMAESCQUjrfgA=="
      },
      "NETStandard.Library": {
        "type": "Transitive",
        "resolved": "2.0.3",
        "contentHash": "st47PosZSHrjECdjeIzZQbzivYBJFv6P2nv4cj2ypdI204DO+vZ7l5raGMiX4eXMJ53RfOIg+/s4DHVZ54Nu2A==",
        "dependencies": {
          "Microsoft.NETCore.Platforms": "1.1.0"
        }
      },
      "runtime.win10-arm.Microsoft.Net.Native.Compiler": {
        "type": "Transitive",
        "resolved": "2.2.12-rel-31116-00",
        "contentHash": "JAieAWjpAsAKq2OLgJpKHafrk1gxHTq0nSie1sEKAYjnlBhVIx17ypAX1NLhjMJZ3TkqhktOGm/2r0qTXBAqWg==",
        "dependencies": {
          "runtime.win10-arm.Microsoft.Net.Native.SharedLibrary": "2.2.8-rel-31116-00"
        }
      },
      "runtime.win10-arm.Microsoft.Net.Native.SharedLibrary": {
        "type": "Transitive",
        "resolved": "2.2.8-rel-31116-00",
        "contentHash": "bdNrkqMK7TUyqJjMJj9sXFpTtJg5+cKmGTPERymWldQ7/OxzoA1VGV4nFFRS4ciycxIqoA9amP0sr5SdTaSjDg=="
      },
      "runtime.win10-arm.Microsoft.Net.UWPCoreRuntimeSdk": {
        "type": "Transitive",
        "resolved": "2.2.14",
        "contentHash": "eEtdvL57LKF3/AKuSqk9bJeUaPm0rPMCs36halkQwyTsaykEwzaV634jxpsg9Oneru4DvFW1vlRISdiW2929jA=="
      },
      "runtime.win10-arm64.Microsoft.Net.Native.Compiler": {
        "type": "Transitive",
        "resolved": "2.2.12-rel-31116-00",
        "contentHash": "Rs9fywhVdnJTqegZnSXJ2v0w7oX3xyZ5P1+v9wNlm7mkSb+dEcxgXwrkqTJe9shmLUOOFz8Dm37LbtIPHNzR1A==",
        "dependencies": {
          "runtime.win10-arm64.Microsoft.Net.Native.SharedLibrary": "2.2.8-rel-31116-00"
        }
      },
      "runtime.win10-arm64.Microsoft.Net.Native.SharedLibrary": {
        "type": "Transitive",
        "resolved": "2.2.8-rel-31116-00",
        "contentHash": "mNZPhhxOKUQSgYuBDezHPYFMwP9LYDmVEEHl7bTVAPbfcnxPHdSv6WwJglYlwQRQh+3NSgYRW4WcTxpETkD0AA=="
      },
      "runtime.win10-x64.Microsoft.Net.Native.Compiler": {
        "type": "Transitive",
        "resolved": "2.2.12-rel-31116-00",
        "contentHash": "dAJj40m9Tm6AQ/P7iQxuEN8sVvj6v9TDyulcP7ayvp+FkpR8VyGZWJMSxaMEjr1qVeMRuMCv1JV5DLMCWZvisg==",
        "dependencies": {
          "runtime.win10-x64.Microsoft.Net.Native.SharedLibrary": "2.2.8-rel-31116-00"
        }
      },
      "runtime.win10-x64.Microsoft.Net.Native.SharedLibrary": {
        "type": "Transitive",
        "resolved": "2.2.8-rel-31116-00",
        "contentHash": "kXqhwE+XmgRn9Z1QWkGfIcDKg/pCLJcbRL5w8NWT6jliAx81sjHzquDut3ljPwOC856AUI2WMnBopu0Bf/m4BQ=="
      },
      "runtime.win10-x64.Microsoft.Net.UWPCoreRuntimeSdk": {
        "type": "Transitive",
        "resolved": "2.2.14",
        "contentHash": "a/ONxs2DxZcBnlDo7LDtH4t6imrEuSbf9KxWWBUCP+yCquVFyqtWAt2Z4hiT++yOIz2OMZT9Hmv1VzrgecpQkQ=="
      },
      "runtime.win10-x86.Microsoft.Net.Native.Compiler": {
        "type": "Transitive",
        "resolved": "2.2.12-rel-31116-00",
        "contentHash": "9T8n/l5Ny4rOlL4yGs81wy4AzypMhUgrrtPBqlv46QbKWhHf44EpFKfI6JU+MkJbSh7mZYywBEfmivT0v6gnNA==",
        "dependencies": {
          "runtime.win10-x86.Microsoft.Net.Native.SharedLibrary": "2.2.8-rel-31116-00"
        }
      },
      "runtime.win10-x86.Microsoft.Net.Native.SharedLibrary": {
        "type": "Transitive",
        "resolved": "2.2.8-rel-31116-00",
        "contentHash": "5RGA27cl3z0lf9zsctLBjW2GQoGYeBrg8pesqWLQnb1Ch8q8IZ6pyOwWFUsnXGuYW59OyCfoQGzHFq5Q/73EiQ=="
      },
      "runtime.win10-x86.Microsoft.Net.UWPCoreRuntimeSdk": {
        "type": "Transitive",
        "resolved": "2.2.14",
        "contentHash": "V/hZioMMAwoKZFmfq/SuMA/mfoNFu4+Aedwdld/tpL8ZheehFab0RlAR3pgsPgOWOU+GjyePNIgyUXM5J/Y3Ig=="
      },
      "common": {
        "type": "Project",
        "dependencies": {
          "boost": "[1.83.0, )"
        }
      },
      "fmt": {
        "type": "Project"
      },
      "folly": {
        "type": "Project",
        "dependencies": {
          "boost": "[1.83.0, )",
          "fmt": "[1.0.0, )"
        }
      },
      "microsoft.reactnative": {
        "type": "Project",
        "dependencies": {
          "Common": "[1.0.0, )",
          "Folly": "[1.0.0, )",
          "Microsoft.JavaScript.Hermes": "[0.0.0-2510.15001-6f45e5b5, )",
          "Microsoft.SourceLink.GitHub": "[1.1.1, )",
          "Microsoft.UI.Xaml": "[2.8.0, )",
          "ReactCommon": "[1.0.0, )",
          "boost": "[1.83.0, )"
        }
      },
      "microsoft.reactnative.managed": {
        "type": "Project",
        "dependencies": {
          "Microsoft.NETCore.UniversalWindowsPlatform": "[6.2.14, )",
          "Microsoft.ReactNative": "[1.0.0, )"
        }
      },
      "reactcommon": {
        "type": "Project",
        "dependencies": {
          "Folly": "[1.0.0, )",
          "boost": "[1.83.0, )"
        }
      },
      "samplelibrarycpp": {
        "type": "Project",
        "dependencies": {
          "Microsoft.ReactNative": "[1.0.0, )",
          "Microsoft.UI.Xaml": "[2.8.0, )"
        }
      },
      "samplelibrarycs": {
        "type": "Project",
        "dependencies": {
          "Microsoft.NETCore.UniversalWindowsPlatform": "[6.2.14, )",
          "Microsoft.ReactNative": "[1.0.0, )",
          "Microsoft.ReactNative.Managed": "[1.0.0, )"
        }
      }
    },
    "UAP,Version=v10.0.17763/win10-arm": {
      "Microsoft.NETCore.UniversalWindowsPlatform": {
        "type": "Direct",
        "requested": "[6.2.14, )",
        "resolved": "6.2.14",
        "contentHash": "7Mi4cS8JQ7gqm+W+SRCq13c2Rr0yZTuczC9EbV6gRigE2ZhQalnLHyat0ZshT5HDMSkFDxTyjwZymUgFuv3+eg==",
        "dependencies": {
          "Microsoft.NETCore.Platforms": "2.1.0",
          "Microsoft.Net.Native.Compiler": "2.2.12-rel-31116-00",
          "Microsoft.Net.UWPCoreRuntimeSdk": "2.2.14",
          "NETStandard.Library": "2.0.3",
          "runtime.win10-arm.Microsoft.NETCore.UniversalWindowsPlatform": "6.2.14"
        }
      },
      "Microsoft.Web.WebView2": {
        "type": "Transitive",
        "resolved": "1.0.1264.42",
        "contentHash": "7OBUTkzQ5VI/3gb0ufi5U4zjuCowAJwQg2li0zXXzqkM+S1kmOlivTy1R4jAW+gY5Vyg510M+qMAESCQUjrfgA=="
      },
      "runtime.win10-arm.Microsoft.NETCore.UniversalWindowsPlatform": {
        "type": "Transitive",
        "resolved": "6.2.14",
        "contentHash": "TKCMvB+6izAQSl7kWimKU2W9iN7gXSMc1Lah3dpY+/PuUjAfSNvfv2HW/mK3TdmjW631/4S9wWYmplLh6ao91w=="
      }
    },
    "UAP,Version=v10.0.17763/win10-arm-aot": {
      "Microsoft.NETCore.UniversalWindowsPlatform": {
        "type": "Direct",
        "requested": "[6.2.14, )",
        "resolved": "6.2.14",
        "contentHash": "7Mi4cS8JQ7gqm+W+SRCq13c2Rr0yZTuczC9EbV6gRigE2ZhQalnLHyat0ZshT5HDMSkFDxTyjwZymUgFuv3+eg==",
        "dependencies": {
          "Microsoft.NETCore.Platforms": "2.1.0",
          "Microsoft.Net.Native.Compiler": "2.2.12-rel-31116-00",
          "Microsoft.Net.UWPCoreRuntimeSdk": "2.2.14",
          "NETStandard.Library": "2.0.3",
          "runtime.win10-arm-aot.Microsoft.NETCore.UniversalWindowsPlatform": "6.2.14"
        }
      },
      "Microsoft.Web.WebView2": {
        "type": "Transitive",
        "resolved": "1.0.1264.42",
        "contentHash": "7OBUTkzQ5VI/3gb0ufi5U4zjuCowAJwQg2li0zXXzqkM+S1kmOlivTy1R4jAW+gY5Vyg510M+qMAESCQUjrfgA=="
      },
      "runtime.win10-arm-aot.Microsoft.NETCore.UniversalWindowsPlatform": {
        "type": "Transitive",
        "resolved": "6.2.14",
        "contentHash": "4/GjCV7KtJz7is13eUXxIj4AHn8WTqmQ1u6wx7J4piJYkwViMVz0sGvzwXDt5oSSTvVdsDpa/EQUUBtFyGnmbg=="
      }
    },
    "UAP,Version=v10.0.17763/win10-arm64-aot": {
      "Microsoft.NETCore.UniversalWindowsPlatform": {
        "type": "Direct",
        "requested": "[6.2.14, )",
        "resolved": "6.2.14",
        "contentHash": "7Mi4cS8JQ7gqm+W+SRCq13c2Rr0yZTuczC9EbV6gRigE2ZhQalnLHyat0ZshT5HDMSkFDxTyjwZymUgFuv3+eg==",
        "dependencies": {
          "Microsoft.NETCore.Platforms": "2.1.0",
          "Microsoft.Net.Native.Compiler": "2.2.12-rel-31116-00",
          "Microsoft.Net.UWPCoreRuntimeSdk": "2.2.14",
          "NETStandard.Library": "2.0.3",
          "runtime.win10-arm64-aot.Microsoft.NETCore.UniversalWindowsPlatform": "6.2.14"
        }
      },
      "Microsoft.Web.WebView2": {
        "type": "Transitive",
        "resolved": "1.0.1264.42",
        "contentHash": "7OBUTkzQ5VI/3gb0ufi5U4zjuCowAJwQg2li0zXXzqkM+S1kmOlivTy1R4jAW+gY5Vyg510M+qMAESCQUjrfgA=="
      },
      "runtime.win10-arm64-aot.Microsoft.NETCore.UniversalWindowsPlatform": {
        "type": "Transitive",
        "resolved": "6.2.14",
        "contentHash": "8QVHVgSh8G9BgNUPaMllx5f8iEM45a52eCooJAQH1Xq+MfnvVXcmpOVmMRLxwY2dRU77ZoiGRCyeAKwqFcnEYQ=="
      }
    },
    "UAP,Version=v10.0.17763/win10-x64": {
      "Microsoft.NETCore.UniversalWindowsPlatform": {
        "type": "Direct",
        "requested": "[6.2.14, )",
        "resolved": "6.2.14",
        "contentHash": "7Mi4cS8JQ7gqm+W+SRCq13c2Rr0yZTuczC9EbV6gRigE2ZhQalnLHyat0ZshT5HDMSkFDxTyjwZymUgFuv3+eg==",
        "dependencies": {
          "Microsoft.NETCore.Platforms": "2.1.0",
          "Microsoft.Net.Native.Compiler": "2.2.12-rel-31116-00",
          "Microsoft.Net.UWPCoreRuntimeSdk": "2.2.14",
          "NETStandard.Library": "2.0.3",
          "runtime.win10-x64.Microsoft.NETCore.UniversalWindowsPlatform": "6.2.14"
        }
      },
      "Microsoft.Web.WebView2": {
        "type": "Transitive",
        "resolved": "1.0.1264.42",
        "contentHash": "7OBUTkzQ5VI/3gb0ufi5U4zjuCowAJwQg2li0zXXzqkM+S1kmOlivTy1R4jAW+gY5Vyg510M+qMAESCQUjrfgA=="
      },
      "runtime.win10-x64.Microsoft.NETCore.UniversalWindowsPlatform": {
        "type": "Transitive",
        "resolved": "6.2.14",
        "contentHash": "SPmQotZQ5ty+UkHMm76k/0DJpZ663qwXvLjVw/LrNmaIQHa+g+6TjKNAyR0ondKnwqu5oT79RJ2Tk8A0JQqBPQ=="
      }
    },
    "UAP,Version=v10.0.17763/win10-x64-aot": {
      "Microsoft.NETCore.UniversalWindowsPlatform": {
        "type": "Direct",
        "requested": "[6.2.14, )",
        "resolved": "6.2.14",
        "contentHash": "7Mi4cS8JQ7gqm+W+SRCq13c2Rr0yZTuczC9EbV6gRigE2ZhQalnLHyat0ZshT5HDMSkFDxTyjwZymUgFuv3+eg==",
        "dependencies": {
          "Microsoft.NETCore.Platforms": "2.1.0",
          "Microsoft.Net.Native.Compiler": "2.2.12-rel-31116-00",
          "Microsoft.Net.UWPCoreRuntimeSdk": "2.2.14",
          "NETStandard.Library": "2.0.3",
          "runtime.win10-x64-aot.Microsoft.NETCore.UniversalWindowsPlatform": "6.2.14"
        }
      },
      "Microsoft.Web.WebView2": {
        "type": "Transitive",
        "resolved": "1.0.1264.42",
        "contentHash": "7OBUTkzQ5VI/3gb0ufi5U4zjuCowAJwQg2li0zXXzqkM+S1kmOlivTy1R4jAW+gY5Vyg510M+qMAESCQUjrfgA=="
      },
      "runtime.win10-x64-aot.Microsoft.NETCore.UniversalWindowsPlatform": {
        "type": "Transitive",
        "resolved": "6.2.14",
        "contentHash": "2SPw1ay04TYxrnMs2hxP86j3daB59cnQ8aNPXUcKyon+RA1MN99mWg8V93WDxD82ZDR+citKcM3dxS4oEtDI4g=="
      }
    },
    "UAP,Version=v10.0.17763/win10-x86": {
      "Microsoft.NETCore.UniversalWindowsPlatform": {
        "type": "Direct",
        "requested": "[6.2.14, )",
        "resolved": "6.2.14",
        "contentHash": "7Mi4cS8JQ7gqm+W+SRCq13c2Rr0yZTuczC9EbV6gRigE2ZhQalnLHyat0ZshT5HDMSkFDxTyjwZymUgFuv3+eg==",
        "dependencies": {
          "Microsoft.NETCore.Platforms": "2.1.0",
          "Microsoft.Net.Native.Compiler": "2.2.12-rel-31116-00",
          "Microsoft.Net.UWPCoreRuntimeSdk": "2.2.14",
          "NETStandard.Library": "2.0.3",
          "runtime.win10-x86.Microsoft.NETCore.UniversalWindowsPlatform": "6.2.14"
        }
      },
      "Microsoft.Web.WebView2": {
        "type": "Transitive",
        "resolved": "1.0.1264.42",
        "contentHash": "7OBUTkzQ5VI/3gb0ufi5U4zjuCowAJwQg2li0zXXzqkM+S1kmOlivTy1R4jAW+gY5Vyg510M+qMAESCQUjrfgA=="
      },
      "runtime.win10-x86.Microsoft.NETCore.UniversalWindowsPlatform": {
        "type": "Transitive",
        "resolved": "6.2.14",
        "contentHash": "twbdvWFcy0wRd/jiZWeiS6Edui76XwmRLHXLJ3uFpBsimu7XOTLJBMycG11MxdcAjFMa3LnPUkTgiI63wM1b+w=="
      }
    },
    "UAP,Version=v10.0.17763/win10-x86-aot": {
      "Microsoft.NETCore.UniversalWindowsPlatform": {
        "type": "Direct",
        "requested": "[6.2.14, )",
        "resolved": "6.2.14",
        "contentHash": "7Mi4cS8JQ7gqm+W+SRCq13c2Rr0yZTuczC9EbV6gRigE2ZhQalnLHyat0ZshT5HDMSkFDxTyjwZymUgFuv3+eg==",
        "dependencies": {
          "Microsoft.NETCore.Platforms": "2.1.0",
          "Microsoft.Net.Native.Compiler": "2.2.12-rel-31116-00",
          "Microsoft.Net.UWPCoreRuntimeSdk": "2.2.14",
          "NETStandard.Library": "2.0.3",
          "runtime.win10-x86-aot.Microsoft.NETCore.UniversalWindowsPlatform": "6.2.14"
        }
      },
      "Microsoft.Web.WebView2": {
        "type": "Transitive",
        "resolved": "1.0.1264.42",
        "contentHash": "7OBUTkzQ5VI/3gb0ufi5U4zjuCowAJwQg2li0zXXzqkM+S1kmOlivTy1R4jAW+gY5Vyg510M+qMAESCQUjrfgA=="
      },
      "runtime.win10-x86-aot.Microsoft.NETCore.UniversalWindowsPlatform": {
        "type": "Transitive",
        "resolved": "6.2.14",
        "contentHash": "3nklK7zt8pQ4/okXv4jA/HlUx/xmnyS/YRKJh19BzXKKhYk/EnRT1zoNcvQDJjhyUZXquffbcxHyBbjd2V2GNQ=="
      }
    }
  }
}