<?xml version="1.0" encoding="utf-8"?>
<Project ToolsVersion="4.0" xmlns="http://schemas.microsoft.com/developer/msbuild/2003">
  <ItemGroup>
    <Filter Include="ABI">
      <UniqueIdentifier>{b7a226dc-4029-4213-b426-37eb7d0907a4}</UniqueIdentifier>
    </Filter>
    <Filter Include="Generated Files">
      <UniqueIdentifier>{3f37028f-20c7-4c5c-8504-11059529ab2f}</UniqueIdentifier>
    </Filter>
    <Filter Include="Header Files">
      <UniqueIdentifier>{63472e53-239b-4816-af09-ed2789b8fa95}</UniqueIdentifier>
    </Filter>
    <Filter Include="Header Files\Executors">
      <UniqueIdentifier>{57577307-7ee7-4a55-8d17-c142b3f6f9cb}</UniqueIdentifier>
    </Filter>
    <Filter Include="Header Files\Modules">
      <UniqueIdentifier>{ae049213-3bdf-4cbe-83f4-39625a414539}</UniqueIdentifier>
    </Filter>
    <Filter Include="Source Files">
      <UniqueIdentifier>{76b82321-affb-4c4c-bfb4-39630e8574b4}</UniqueIdentifier>
    </Filter>
    <Filter Include="Source Files\CxxReactWin32">
      <UniqueIdentifier>{13b0d9c2-9c50-4245-b23f-e120dc6442cf}</UniqueIdentifier>
    </Filter>
    <Filter Include="Source Files\Executors">
      <UniqueIdentifier>{fe8806a2-f72f-4dc3-9996-3a0ee66101ef}</UniqueIdentifier>
    </Filter>
    <Filter Include="Source Files\Modules">
      <UniqueIdentifier>{56988676-220f-43a7-b8b1-8ecc51158498}</UniqueIdentifier>
    </Filter>
    <Filter Include="Source Files\JSI">
      <UniqueIdentifier>{c610d916-3a3d-4617-bab1-ddec02729037}</UniqueIdentifier>
    </Filter>
  </ItemGroup>
  <ItemGroup>
    <Midl Include="..\Microsoft.ReactNative\IJSValueReader.idl">
      <Filter>ABI</Filter>
    </Midl>
    <Midl Include="..\Microsoft.ReactNative\IJSValueWriter.idl">
      <Filter>ABI</Filter>
    </Midl>
    <Midl Include="..\Microsoft.ReactNative\IReactContext.idl">
      <Filter>ABI</Filter>
    </Midl>
    <Midl Include="..\Microsoft.ReactNative\IReactDispatcher.idl">
      <Filter>ABI</Filter>
    </Midl>
    <Midl Include="..\Microsoft.ReactNative\IReactModuleBuilder.idl">
      <Filter>ABI</Filter>
    </Midl>
    <Midl Include="..\Microsoft.ReactNative\IReactNotificationService.idl">
      <Filter>ABI</Filter>
    </Midl>
    <Midl Include="..\Microsoft.ReactNative\IReactPackageBuilder.idl">
      <Filter>ABI</Filter>
    </Midl>
    <Midl Include="..\Microsoft.ReactNative\IReactPackageProvider.idl">
      <Filter>ABI</Filter>
    </Midl>
    <Midl Include="..\Microsoft.ReactNative\IReactPropertyBag.idl">
      <Filter>ABI</Filter>
    </Midl>
    <Midl Include="..\Microsoft.ReactNative\ReactInstanceSettings.idl">
      <Filter>ABI</Filter>
    </Midl>
    <Midl Include="..\Microsoft.ReactNative\ReactNativeHost.idl">
      <Filter>ABI</Filter>
    </Midl>
    <Midl Include="..\Microsoft.ReactNative\RedBoxHandler.idl">
      <Filter>ABI</Filter>
    </Midl>
    <Midl Include="ABI\MemoryTracker.idl">
      <Filter>ABI</Filter>
    </Midl>
    <Midl Include="ABI\MessageQueue.idl">
      <Filter>ABI</Filter>
    </Midl>
    <Midl Include="ABI\NativeLogging.idl">
      <Filter>ABI</Filter>
    </Midl>
    <Midl Include="ABI\NativeTracing.idl">
      <Filter>ABI</Filter>
    </Midl>
    <Midl Include="ABI\TestController.idl">
      <Filter>ABI</Filter>
    </Midl>
    <Midl Include="..\Microsoft.ReactNative\IReactNonAbiValue.idl">
      <Filter>ABI</Filter>
    </Midl>
    <Midl Include="..\Microsoft.ReactNative\JsiApi.idl">
      <Filter>ABI</Filter>
    </Midl>
    <Midl Include="..\Microsoft.ReactNative\IViewManagerCore.idl">
      <Filter>ABI</Filter>
    </Midl>
  </ItemGroup>
  <ItemGroup>
    <ClCompile Include="..\Microsoft.ReactNative\IReactDispatcher.cpp" />
    <ClCompile Include="..\Microsoft.ReactNative\IReactNotificationService.cpp" />
    <ClCompile Include="..\Microsoft.ReactNative\IReactPropertyBag.cpp" />
    <ClCompile Include="..\Microsoft.ReactNative\ReactHost\AsyncActionQueue.cpp" />
    <ClCompile Include="..\Microsoft.ReactNative\ReactHost\JSBundle.cpp" />
    <ClCompile Include="..\Microsoft.ReactNative\ReactHost\JSBundle_Win32.cpp" />
    <ClCompile Include="..\Microsoft.ReactNative\ReactHost\MsoUtils.cpp" />
    <ClCompile Include="..\Microsoft.ReactNative\ReactHost\ReactContext.cpp" />
    <ClCompile Include="..\Microsoft.ReactNative\ReactHost\ReactHost.cpp" />
    <ClCompile Include="..\Microsoft.ReactNative\ReactInstanceSettings.cpp" />
    <ClCompile Include="ABI\MemoryTracker.cpp">
      <Filter>ABI</Filter>
    </ClCompile>
    <ClCompile Include="ABI\MessageQueueShim.cpp">
      <Filter>ABI</Filter>
    </ClCompile>
    <ClCompile Include="ABI\NativeLogEventSource.cpp">
      <Filter>ABI</Filter>
    </ClCompile>
    <ClCompile Include="ABI\NativeTraceEventSource.cpp">
      <Filter>ABI</Filter>
    </ClCompile>
    <ClCompile Include="ABI\TestController.cpp">
      <Filter>ABI</Filter>
    </ClCompile>
    <ClCompile Include="BeastWebSocketResource.cpp">
      <Filter>Source Files</Filter>
    </ClCompile>
    <ClCompile Include="CxxReactWin32\JSBigString.cpp">
      <Filter>Source Files\CxxReactWin32</Filter>
    </ClCompile>
    <ClCompile Include="HttpResource.cpp">
      <Filter>Source Files</Filter>
    </ClCompile>
    <ClCompile Include="JSBigStringResourceDll.cpp">
      <Filter>Source Files</Filter>
    </ClCompile>
    <ClCompile Include="module.g.cpp">
      <Filter>Generated Files</Filter>
    </ClCompile>
    <ClCompile Include="Modules\TimingModule.cpp">
      <Filter>Source Files\Modules</Filter>
    </ClCompile>
    <ClCompile Include="WebSocketResourceFactory.cpp">
      <Filter>Source Files</Filter>
    </ClCompile>
    <ClCompile Include="..\Microsoft.ReactNative\NativeModulesProvider.cpp" />
    <ClCompile Include="..\Microsoft.ReactNative\TurboModulesProvider.cpp" />
    <ClCompile Include="..\Microsoft.ReactNative\ABICxxModule.cpp" />
    <ClCompile Include="..\Microsoft.ReactNative\DynamicReader.cpp" />
    <ClCompile Include="..\Microsoft.ReactNative\DynamicWriter.cpp" />
    <ClCompile Include="..\Microsoft.ReactNative\IReactContext.cpp" />
    <ClCompile Include="..\Microsoft.ReactNative\IReactModuleBuilder.cpp" />
    <ClCompile Include="..\Microsoft.ReactNative\JsiReader.cpp" />
    <ClCompile Include="..\Microsoft.ReactNative\JsiWriter.cpp" />
    <ClCompile Include="..\Microsoft.ReactNative\ReactPackageBuilder.cpp" />
    <ClCompile Include="..\Microsoft.ReactNative\RedBox.cpp" />
    <ClCompile Include="..\Microsoft.ReactNative\RedBoxErrorFrameInfo.cpp">
      <Filter>ABI</Filter>
    </ClCompile>
    <ClCompile Include="..\Microsoft.ReactNative\RedBoxErrorInfo.cpp">
      <Filter>ABI</Filter>
    </ClCompile>
    <ClCompile Include="RuntimeOptions.cpp">
      <Filter>Source Files</Filter>
    </ClCompile>
    <ClCompile Include="pch.cpp">
      <Filter>Source Files</Filter>
    </ClCompile>
    <ClCompile Include="ShadowNode.cpp" />
    <ClCompile Include="ShadowNodeRegistry.cpp" />
    <ClCompile Include="ViewManager.cpp" />
    <ClCompile Include="Modules\UIManagerModule.cpp" />
    <ClCompile Include="JSI\ChakraJsiRuntime_core.cpp">
      <Filter>Source Files\JSI</Filter>
    </ClCompile>
  </ItemGroup>
  <ItemGroup>
    <ClInclude Include="ABI\MemoryTracker.h">
      <Filter>ABI</Filter>
    </ClInclude>
    <ClInclude Include="ABI\MessageQueueShim.h">
      <Filter>ABI</Filter>
    </ClInclude>
    <ClInclude Include="ABI\NativeLogEventSource.h">
      <Filter>ABI</Filter>
    </ClInclude>
    <ClInclude Include="ABI\NativeTraceEventSource.h">
      <Filter>ABI</Filter>
    </ClInclude>
    <ClInclude Include="ABI\TestController.h">
      <Filter>ABI</Filter>
    </ClInclude>
    <ClInclude Include="pch.h">
      <Filter>Header Files</Filter>
    </ClInclude>
  </ItemGroup>
  <ItemGroup>
    <ClInclude Include="BeastWebSocketResource.h">
      <Filter>Header Files</Filter>
    </ClInclude>
    <ClInclude Include="HttpResource.h">
      <Filter>Header Files</Filter>
    </ClInclude>
    <ClInclude Include="JSBigStringResourceDll.h">
      <Filter>Header Files</Filter>
    </ClInclude>
    <ClInclude Include="Modules\TimingModule.h">
      <Filter>Header Files\Modules</Filter>
    </ClInclude>
    <ClInclude Include="..\Microsoft.ReactNative\RedBoxErrorFrameInfo.h">
      <Filter>ABI</Filter>
    </ClInclude>
    <ClInclude Include="..\Microsoft.ReactNative\RedBoxErrorInfo.h">
      <Filter>ABI</Filter>
    </ClInclude>
  </ItemGroup>
  <ItemGroup>
    <None Include="packages.config" />
  </ItemGroup>
</Project>