
Microsoft Visual Studio Solution File, Format Version 12.00
# Visual Studio Version 16
VisualStudioVersion = 16.0.29102.190
MinimumVisualStudioVersion = 10.0.40219.1
Project("{8BC9CEB8-8B4A-11D0-8D11-00A0C91BC942}") = "Playground-win32", "playground-win32\Playground-Win32.vcxproj", "{8B88FFAE-4DBC-49A2-AFA5-D2477D4AD189}"
EndProject
Project("{8BC9CEB8-8B4A-11D0-8D11-00A0C91BC942}") = "Folly", "..\..\..\vnext\Folly\Folly.vcxproj", "{A990658C-CE31-4BCC-976F-0FC6B1AF693D}"
EndProject
Project("{8BC9CEB8-8B4A-11D0-8D11-00A0C91BC942}") = "ReactCommon", "..\..\..\vnext\ReactCommon\ReactCommon.vcxproj", "{A9D95A91-4DB7-4F72-BEB6-FE8A5C89BFBD}"
	ProjectSection(ProjectDependencies) = postProject
		{A990658C-CE31-4BCC-976F-0FC6B1AF693D} = {A990658C-CE31-4BCC-976F-0FC6B1AF693D}
	EndProjectSection
EndProject
Project("{8BC9CEB8-8B4A-11D0-8D11-00A0C91BC942}") = "Chakra", "..\..\..\vnext\Chakra\Chakra.vcxitems", "{C38970C0-5FBF-4D69-90D8-CBAC225AE895}"
EndProject
Project("{8BC9CEB8-8B4A-11D0-8D11-00A0C91BC942}") = "Microsoft.ReactNative", "..\..\..\vnext\Microsoft.ReactNative\Microsoft.ReactNative.vcxproj", "{F7D32BD0-2749-483E-9A0D-1635EF7E3136}"
EndProject
Project("{8BC9CEB8-8B4A-11D0-8D11-00A0C91BC942}") = "Microsoft.ReactNative.Cxx", "..\..\..\vnext\Microsoft.ReactNative.Cxx\Microsoft.ReactNative.Cxx.vcxitems", "{DA8B35B3-DA00-4B02-BDE6-6A397B3FD46B}"
EndProject
Project("{8BC9CEB8-8B4A-11D0-8D11-00A0C91BC942}") = "Common", "..\..\..\vnext\Common\Common.vcxproj", "{FCA38F3C-7C73-4C47-BE4E-32F77FA8538D}"
EndProject
Project("{2150E333-8FDC-42A3-9474-1A3956D46DE8}") = "ReactNative", "ReactNative", "{5EA20F54-880A-49F3-99FA-4B3FE54E8AB1}"
EndProject
Project("{8BC9CEB8-8B4A-11D0-8D11-00A0C91BC942}") = "Microsoft.ReactNative.Shared", "..\..\..\vnext\Shared\Shared.vcxitems", "{2049DBE9-8D13-42C9-AE4B-413AE38FFFD0}"
EndProject
Project("{8BC9CEB8-8B4A-11D0-8D11-00A0C91BC942}") = "Mso", "..\..\..\vnext\Mso\Mso.vcxitems", "{84E05BFA-CBAF-4F0D-BFB6-4CE85742A57E}"
EndProject
Project("{C7167F0D-BC9F-4E6E-AFE1-012C56B48DB5}") = "Playground-win32 (Package)", "Playground-win32 (Package)\Playground-win32 (Package).wapproj", "{EEC4EF0F-3DD6-4D36-84D8-E5EC3F5ED5FF}"
EndProject
Global
	GlobalSection(SharedMSBuildProjectFiles) = preSolution
		..\..\..\vnext\Shared\Shared.vcxitems*{2049dbe9-8d13-42c9-ae4b-413ae38fffd0}*SharedItemsImports = 9
		..\..\..\vnext\Mso\Mso.vcxitems*{84e05bfa-cbaf-4f0d-bfb6-4ce85742a57e}*SharedItemsImports = 9
		..\..\..\vnext\Chakra\Chakra.vcxitems*{c38970c0-5fbf-4d69-90d8-cbac225ae895}*SharedItemsImports = 9
		..\..\..\vnext\Microsoft.ReactNative.Cxx\Microsoft.ReactNative.Cxx.vcxitems*{da8b35b3-da00-4b02-bde6-6a397b3fd46b}*SharedItemsImports = 9
		..\..\..\vnext\Chakra\Chakra.vcxitems*{f7d32bd0-2749-483e-9a0d-1635ef7e3136}*SharedItemsImports = 4
		..\..\..\vnext\Microsoft.ReactNative.Cxx\Microsoft.ReactNative.Cxx.vcxitems*{f7d32bd0-2749-483e-9a0d-1635ef7e3136}*SharedItemsImports = 4
		..\..\..\vnext\Mso\Mso.vcxitems*{f7d32bd0-2749-483e-9a0d-1635ef7e3136}*SharedItemsImports = 4
		..\..\..\vnext\Shared\Shared.vcxitems*{f7d32bd0-2749-483e-9a0d-1635ef7e3136}*SharedItemsImports = 4
	EndGlobalSection
	GlobalSection(SolutionConfigurationPlatforms) = preSolution
		Debug|x64 = Debug|x64
		Debug|x86 = Debug|x86
		Release|x64 = Release|x64
		Release|x86 = Release|x86
	EndGlobalSection
	GlobalSection(ProjectConfigurationPlatforms) = postSolution
		{8B88FFAE-4DBC-49A2-AFA5-D2477D4AD189}.Debug|x64.ActiveCfg = Debug|x64
		{8B88FFAE-4DBC-49A2-AFA5-D2477D4AD189}.Debug|x64.Build.0 = Debug|x64
		{8B88FFAE-4DBC-49A2-AFA5-D2477D4AD189}.Debug|x64.Deploy.0 = Debug|x64
		{8B88FFAE-4DBC-49A2-AFA5-D2477D4AD189}.Debug|x86.ActiveCfg = Debug|Win32
		{8B88FFAE-4DBC-49A2-AFA5-D2477D4AD189}.Debug|x86.Build.0 = Debug|Win32
		{8B88FFAE-4DBC-49A2-AFA5-D2477D4AD189}.Debug|x86.Deploy.0 = Debug|Win32
		{8B88FFAE-4DBC-49A2-AFA5-D2477D4AD189}.Release|x64.ActiveCfg = Release|x64
		{8B88FFAE-4DBC-49A2-AFA5-D2477D4AD189}.Release|x64.Build.0 = Release|x64
		{8B88FFAE-4DBC-49A2-AFA5-D2477D4AD189}.Release|x64.Deploy.0 = Release|x64
		{8B88FFAE-4DBC-49A2-AFA5-D2477D4AD189}.Release|x86.ActiveCfg = Release|Win32
		{8B88FFAE-4DBC-49A2-AFA5-D2477D4AD189}.Release|x86.Build.0 = Release|Win32
		{8B88FFAE-4DBC-49A2-AFA5-D2477D4AD189}.Release|x86.Deploy.0 = Release|Win32
		{A990658C-CE31-4BCC-976F-0FC6B1AF693D}.Debug|x64.ActiveCfg = Debug|x64
		{A990658C-CE31-4BCC-976F-0FC6B1AF693D}.Debug|x64.Build.0 = Debug|x64
		{A990658C-CE31-4BCC-976F-0FC6B1AF693D}.Debug|x86.ActiveCfg = Debug|Win32
		{A990658C-CE31-4BCC-976F-0FC6B1AF693D}.Debug|x86.Build.0 = Debug|Win32
		{A990658C-CE31-4BCC-976F-0FC6B1AF693D}.Release|x64.ActiveCfg = Release|x64
		{A990658C-CE31-4BCC-976F-0FC6B1AF693D}.Release|x64.Build.0 = Release|x64
		{A990658C-CE31-4BCC-976F-0FC6B1AF693D}.Release|x86.ActiveCfg = Release|Win32
		{A990658C-CE31-4BCC-976F-0FC6B1AF693D}.Release|x86.Build.0 = Release|Win32
		{A9D95A91-4DB7-4F72-BEB6-FE8A5C89BFBD}.Debug|x64.ActiveCfg = Debug|x64
		{A9D95A91-4DB7-4F72-BEB6-FE8A5C89BFBD}.Debug|x64.Build.0 = Debug|x64
		{A9D95A91-4DB7-4F72-BEB6-FE8A5C89BFBD}.Debug|x86.ActiveCfg = Debug|Win32
		{A9D95A91-4DB7-4F72-BEB6-FE8A5C89BFBD}.Debug|x86.Build.0 = Debug|Win32
		{A9D95A91-4DB7-4F72-BEB6-FE8A5C89BFBD}.Release|x64.ActiveCfg = Release|x64
		{A9D95A91-4DB7-4F72-BEB6-FE8A5C89BFBD}.Release|x64.Build.0 = Release|x64
		{A9D95A91-4DB7-4F72-BEB6-FE8A5C89BFBD}.Release|x86.ActiveCfg = Release|Win32
		{A9D95A91-4DB7-4F72-BEB6-FE8A5C89BFBD}.Release|x86.Build.0 = Release|Win32
		{F7D32BD0-2749-483E-9A0D-1635EF7E3136}.Debug|x64.ActiveCfg = Debug|x64
		{F7D32BD0-2749-483E-9A0D-1635EF7E3136}.Debug|x64.Build.0 = Debug|x64
		{F7D32BD0-2749-483E-9A0D-1635EF7E3136}.Debug|x86.ActiveCfg = Debug|Win32
		{F7D32BD0-2749-483E-9A0D-1635EF7E3136}.Debug|x86.Build.0 = Debug|Win32
		{F7D32BD0-2749-483E-9A0D-1635EF7E3136}.Release|x64.ActiveCfg = Release|x64
		{F7D32BD0-2749-483E-9A0D-1635EF7E3136}.Release|x64.Build.0 = Release|x64
		{F7D32BD0-2749-483E-9A0D-1635EF7E3136}.Release|x86.ActiveCfg = Release|Win32
		{F7D32BD0-2749-483E-9A0D-1635EF7E3136}.Release|x86.Build.0 = Release|Win32
		{FCA38F3C-7C73-4C47-BE4E-32F77FA8538D}.Debug|x64.ActiveCfg = Debug|x64
		{FCA38F3C-7C73-4C47-BE4E-32F77FA8538D}.Debug|x64.Build.0 = Debug|x64
		{FCA38F3C-7C73-4C47-BE4E-32F77FA8538D}.Debug|x86.ActiveCfg = Debug|Win32
		{FCA38F3C-7C73-4C47-BE4E-32F77FA8538D}.Debug|x86.Build.0 = Debug|Win32
		{FCA38F3C-7C73-4C47-BE4E-32F77FA8538D}.Release|x64.ActiveCfg = Release|x64
		{FCA38F3C-7C73-4C47-BE4E-32F77FA8538D}.Release|x64.Build.0 = Release|x64
		{FCA38F3C-7C73-4C47-BE4E-32F77FA8538D}.Release|x86.ActiveCfg = Release|Win32
		{FCA38F3C-7C73-4C47-BE4E-32F77FA8538D}.Release|x86.Build.0 = Release|Win32
		{EEC4EF0F-3DD6-4D36-84D8-E5EC3F5ED5FF}.Debug|x64.ActiveCfg = Debug|x64
		{EEC4EF0F-3DD6-4D36-84D8-E5EC3F5ED5FF}.Debug|x64.Build.0 = Debug|x64
		{EEC4EF0F-3DD6-4D36-84D8-E5EC3F5ED5FF}.Debug|x64.Deploy.0 = Debug|x64
		{EEC4EF0F-3DD6-4D36-84D8-E5EC3F5ED5FF}.Debug|x86.ActiveCfg = Debug|x86
		{EEC4EF0F-3DD6-4D36-84D8-E5EC3F5ED5FF}.Debug|x86.Build.0 = Debug|x86
		{EEC4EF0F-3DD6-4D36-84D8-E5EC3F5ED5FF}.Debug|x86.Deploy.0 = Debug|x86
		{EEC4EF0F-3DD6-4D36-84D8-E5EC3F5ED5FF}.Release|x64.ActiveCfg = Release|x64
		{EEC4EF0F-3DD6-4D36-84D8-E5EC3F5ED5FF}.Release|x64.Build.0 = Release|x64
		{EEC4EF0F-3DD6-4D36-84D8-E5EC3F5ED5FF}.Release|x64.Deploy.0 = Release|x64
		{EEC4EF0F-3DD6-4D36-84D8-E5EC3F5ED5FF}.Release|x86.ActiveCfg = Release|x86
		{EEC4EF0F-3DD6-4D36-84D8-E5EC3F5ED5FF}.Release|x86.Build.0 = Release|x86
		{EEC4EF0F-3DD6-4D36-84D8-E5EC3F5ED5FF}.Release|x86.Deploy.0 = Release|x86
	EndGlobalSection
	GlobalSection(SolutionProperties) = preSolution
		HideSolutionNode = FALSE
	EndGlobalSection
	GlobalSection(NestedProjects) = preSolution
		{A990658C-CE31-4BCC-976F-0FC6B1AF693D} = {5EA20F54-880A-49F3-99FA-4B3FE54E8AB1}
		{A9D95A91-4DB7-4F72-BEB6-FE8A5C89BFBD} = {5EA20F54-880A-49F3-99FA-4B3FE54E8AB1}
		{C38970C0-5FBF-4D69-90D8-CBAC225AE895} = {5EA20F54-880A-49F3-99FA-4B3FE54E8AB1}
		{F7D32BD0-2749-483E-9A0D-1635EF7E3136} = {5EA20F54-880A-49F3-99FA-4B3FE54E8AB1}
		{DA8B35B3-DA00-4B02-BDE6-6A397B3FD46B} = {5EA20F54-880A-49F3-99FA-4B3FE54E8AB1}
		{FCA38F3C-7C73-4C47-BE4E-32F77FA8538D} = {5EA20F54-880A-49F3-99FA-4B3FE54E8AB1}
		{2049DBE9-8D13-42C9-AE4B-413AE38FFFD0} = {5EA20F54-880A-49F3-99FA-4B3FE54E8AB1}
		{84E05BFA-CBAF-4F0D-BFB6-4CE85742A57E} = {5EA20F54-880A-49F3-99FA-4B3FE54E8AB1}
	EndGlobalSection
	GlobalSection(ExtensibilityGlobals) = postSolution
		SolutionGuid = {F5EAF3BA-6B6F-4E81-B5C6-49B30EC0A32E}
	EndGlobalSection
EndGlobal
