<?xml version="1.0" encoding="utf-8"?>
<Project ToolsVersion="Current" xmlns="http://schemas.microsoft.com/developer/msbuild/2003">
  <ItemGroup>
    <Filter Include="Header Files">
      <UniqueIdentifier>{8df08a42-4d9d-4736-abe2-f47e12084103}</UniqueIdentifier>
    </Filter>
    <Filter Include="Source Files">
      <UniqueIdentifier>{220ac02c-93ae-423d-a0be-121f66fcc665}</UniqueIdentifier>
    </Filter>
  </ItemGroup>
  <ItemGroup>
    <ClCompile Include="pch.cpp" />
    <ClCompile Include="$(FmtDir)src\format.cc">
      <Filter>Source Files</Filter>
    </ClCompile>
    <ClCompile Include="$(FmtDir)src\os.cc">
      <Filter>Source Files</Filter>
    </ClCompile>
  </ItemGroup>
  <ItemGroup>
    <ClInclude Include="pch.h" />
    <ClInclude Include="$(FmtDir)\include\fmt\core.h">
      <Filter>Header Files</Filter>
    </ClInclude>
    <ClInclude Include="$(FmtDir)\include\fmt\format.h">
      <Filter>Header Files</Filter>
    </ClInclude>
    <ClInclude Include="$(FmtDir)\include\fmt\chrono.h">
      <Filter>Header Files</Filter>
    </ClInclude>
    <ClInclude Include="$(FmtDir)\include\fmt\color.h">
      <Filter>Header Files</Filter>
    </ClInclude>
    <ClInclude Include="$(FmtDir)\include\fmt\compile.h">
      <Filter>Header Files</Filter>
    </ClInclude>
    <ClInclude Include="$(FmtDir)\include\fmt\format-inl.h">
      <Filter>Header Files</Filter>
    </ClInclude>
    <ClInclude Include="$(FmtDir)\include\fmt\locale.h">
      <Filter>Header Files</Filter>
    </ClInclude>
    <ClInclude Include="$(FmtDir)\include\fmt\os.h">
      <Filter>Header Files</Filter>
    </ClInclude>
    <ClInclude Include="$(FmtDir)\include\fmt\ostream.h">
      <Filter>Header Files</Filter>
    </ClInclude>
    <ClInclude Include="$(FmtDir)\include\fmt\posix.h">
      <Filter>Header Files</Filter>
    </ClInclude>
    <ClInclude Include="$(FmtDir)\include\fmt\printf.h">
      <Filter>Header Files</Filter>
    </ClInclude>
    <ClInclude Include="$(FmtDir)\include\fmt\ranges.h">
      <Filter>Header Files</Filter>
    </ClInclude>
  </ItemGroup>
  <ItemGroup>
    <None Include="packages.config" />
  </ItemGroup>
</Project>