{
  "version": 1,
  "dependencies": {
    "native,Version=v0.0": {
      "boost": {
        "type": "Direct",
        "requested": "[1.83.0, )",
        "resolved": "1.83.0",
        "contentHash": "cy53VNMzysEMvhBixDe8ujPk67Fcj3v6FPHQnH91NYJNLHpc6jxa2xq9ruCaaJjE4M3YrGSHDi4uUSTGBWw6EQ=="
      },
      "Microsoft.Windows.CppWinRT": {
        "type": "Direct",
        "requested": "[2.0.230706.1, )",
        "resolved": "2.0.230706.1",
        "contentHash": "l0D7oCw/5X+xIKHqZTi62TtV+1qeSz7KVluNFdrJ9hXsst4ghvqQ/Yhura7JqRdZWBXAuDS0G0KwALptdoxweQ=="
      }
    },
    "native,Version=v0.0/win": {},
    "native,Version=v0.0/win-arm64": {},
    "native,Version=v0.0/win-x64": {},
    "native,Version=v0.0/win-x86": {}
  }
}