{
  "version": 1,
  "dependencies": {
    "UAP,Version=v10.0.17763": {
      "common": {
        "type": "Project"
      },
      "fmt": {
        "type": "Project"
      },
      "folly": {
        "type": "Project",
        "dependencies": {
          "fmt": "[1.0.0, )"
        }
      },
      "microsoft.reactnative": {
        "type": "Project",
        "dependencies": {
          "Common": "[1.0.0, )",
          "Folly": "[1.0.0, )",
          "ReactCommon": "[1.0.0, )"
        }
      },
      "playground-composition": {
        "type": "Project",
        "dependencies": {
          "Microsoft.ReactNative": "[1.0.0, )",
          "SampleCustomComponent": "[1.0.0, )"
        }
      },
      "reactcommon": {
        "type": "Project",
        "dependencies": {
          "Folly": "[1.0.0, )"
        }
      },
      "samplecustomcomponent": {
        "type": "Project",
        "dependencies": {
          "Microsoft.ReactNative": "[1.0.0, )"
        }
      }
    },
    "UAP,Version=v10.0.17763/win10-arm": {},
    "UAP,Version=v10.0.17763/win10-arm-aot": {},
    "UAP,Version=v10.0.17763/win10-arm64-aot": {},
    "UAP,Version=v10.0.17763/win10-x64": {},
    "UAP,Version=v10.0.17763/win10-x64-aot": {},
    "UAP,Version=v10.0.17763/win10-x86": {},
    "UAP,Version=v10.0.17763/win10-x86-aot": {}
  }
}