<?xml version="1.0" encoding="utf-8"?>
<Project ToolsVersion="4.0" xmlns="http://schemas.microsoft.com/developer/msbuild/2003">
  <ItemGroup>
    <ClCompile Include="ExecuteJsiTests.cpp" />
    <ClCompile Include="JsiRuntimeTests.cpp" />
    <ClCompile Include="ReactInstanceSettingsTests.cpp" />
    <ClCompile Include="ReactNonAbiValueTests.cpp" />
    <ClCompile Include="ReactNotificationServiceTests.cpp" />
    <ClCompile Include="ReactPropertyBagTests.cpp" />
    <ClCompile Include="ReactNativeHostTests.cpp" />
    <ClCompile Include="TurboModuleTests.cpp" />
    <ClCompile Include="main.cpp">
      <Filter>Utilities</Filter>
    </ClCompile>
    <ClCompile Include="pch.cpp">
      <Filter>Utilities</Filter>
    </ClCompile>
    <ClCompile Include="$(ReactNativeDir)\ReactCommon\jsi\jsi\test\testlib.cpp" />
    <ClCompile Include="TestEventService.cpp">
      <Filter>Utilities</Filter>
    </ClCompile>
    <ClCompile Include="TestReactNativeHostHolder.cpp">
      <Filter>Utilities</Filter>
    </ClCompile>
    <ClCompile Include="JsiTurboModuleTests.cpp" />
  </ItemGroup>
  <ItemGroup>
    <ClInclude Include="$(ReactNativeDir)\ReactCommon\jsi\jsi\test\testlib.h" />
    <ClInclude Include="TestEventService.h">
      <Filter>Utilities</Filter>
    </ClInclude>
    <ClInclude Include="MockReactPackageProvider.h">
      <Filter>Utilities</Filter>
    </ClInclude>
    <ClInclude Include="pch.h">
      <Filter>Utilities</Filter>
    </ClInclude>
    <ClInclude Include="TestReactNativeHostHolder.h">
      <Filter>Utilities</Filter>
    </ClInclude>
  </ItemGroup>
  <ItemGroup>
    <None Include="ExecuteJsiTests.js" />
    <None Include="JsiTurboModuleTests.js" />
    <None Include="ReactNativeHostTests.js" />
    <None Include="TurboModuleTests.js" />
    <None Include="packages.config">
      <Filter>Other Files</Filter>
    </None>
  </ItemGroup>
  <ItemGroup>
    <Filter Include="Utilities">
      <UniqueIdentifier>{3141d738-5613-46d6-a29b-60993e27c870}</UniqueIdentifier>
    </Filter>
    <Filter Include="Other Files">
      <UniqueIdentifier>{7c09653b-8405-45c7-91cb-9c84b1d401cb}</UniqueIdentifier>
    </Filter>
  </ItemGroup>
  <ItemGroup>
    <Manifest Include="Application.manifest">
      <Filter>Other Files</Filter>
    </Manifest>
  </ItemGroup>
</Project>