{
  "version": 1,
  "dependencies": {
    "native,Version=v0.0": {
      "boost": {
        "type": "Direct",
        "requested": "[1.84.0, )",
        "resolved": "1.84.0",
        "contentHash": "4el2YP3cNJDVFPdzOso+LxGvdWP2rHxML4siq8VdonNypW2m4q503tHfCj6vK0L1UfxioE2hpFGb4ITEua73tg=="
      },
      "common": {
        "type": "Project",
        "dependencies": {
          "boost": "[1.84.0, )"
        }
      },
      "folly": {
        "type": "Project",
        "dependencies": {
          "boost": "[1.84.0, )"
        }
      }
    },
    "native,Version=v0.0/win": {},
    "native,Version=v0.0/win-arm64": {},
    "native,Version=v0.0/win-x64": {},
    "native,Version=v0.0/win-x86": {}
  }
}