<?xml version="1.0" encoding="utf-8"?>
<Project ToolsVersion="14.0" xmlns="http://schemas.microsoft.com/developer/msbuild/2003">
  <ItemGroup>
    <Filter Include="Resources">
      <UniqueIdentifier>a4e4ad2b-1c8c-48ad-b1a7-45cfc1ce191a</UniqueIdentifier>
      <Extensions>rc;ico;cur;bmp;dlg;rc2;rct;bin;rgs;gif;jpg;jpeg;jpe;resx;tga;tiff;tif;png;wav;mfcribbon-ms</Extensions>
    </Filter>
  </ItemGroup>
  <ItemGroup>
    <ClCompile Include="pch.cpp" />
    <ClCompile Include="ChakraHost.cpp" />
    <ClCompile Include="NativeJavaScriptExecutor.cpp" />
    <ClCompile Include="asprintf.cpp" />
    <ClCompile Include="JsModulesUnbundle.cpp" />
    <ClCompile Include="JsIndexedModulesUnbundle.cpp" />
  </ItemGroup>
  <ItemGroup>
    <ClInclude Include="pch.h" />
    <ClInclude Include="ChakraHost.h" />
    <ClInclude Include="ChakraStringResult.h" />
    <ClInclude Include="NativeJavaScriptExecutor.h" />
    <ClInclude Include="asprintf.h" />
    <ClInclude Include="SerializedSourceContext.h" />
    <ClInclude Include="JsModulesUnbundle.h" />
    <ClInclude Include="JsIndexedModulesUnbundle.h" />
    <ClInclude Include="CallSyncHandler.h" />
    <ClInclude Include="FlushQueueImmediateHandler.h" />
  </ItemGroup>
</Project>