Microsoft Visual Studio Solution File, Format Version 12.00
# Visual Studio Version 16
VisualStudioVersion = 16.0.29215.179
MinimumVisualStudioVersion = 10.0.40219.1
Project("{FAE04EC0-301F-11D3-BF4B-00C04F79EFBC}") = "SampleAppCS", "SampleAppCS\SampleAppCS.csproj", "{09F4E6C1-2D12-4059-AA96-0B190861FD6A}"
EndProject
Project("{8BC9CEB8-8B4A-11D0-8D11-00A0C91BC942}") = "SampleAppCPP", "SampleAppCPP\SampleApp.vcxproj", "{93F7572C-64B9-4096-9EF9-6BA0EDE2B50D}"
	ProjectSection(ProjectDependencies) = postProject
		{F7D32BD0-2749-483E-9A0D-1635EF7E3136} = {F7D32BD0-2749-483E-9A0D-1635EF7E3136}
	EndProjectSection
EndProject
Project("{8BC9CEB8-8B4A-11D0-8D11-00A0C91BC942}") = "Folly", "..\..\..\vnext\Folly\Folly.vcxproj", "{A990658C-CE31-4BCC-976F-0FC6B1AF693D}"
EndProject
Project("{8BC9CEB8-8B4A-11D0-8D11-00A0C91BC942}") = "ReactUWP", "..\..\..\vnext\ReactUWP\ReactUWP.vcxproj", "{2D5D43D9-CFFC-4C40-B4CD-02EFB4E2742B}"
	ProjectSection(ProjectDependencies) = postProject
		{A990658C-CE31-4BCC-976F-0FC6B1AF693D} = {A990658C-CE31-4BCC-976F-0FC6B1AF693D}
	EndProjectSection
EndProject
Project("{8BC9CEB8-8B4A-11D0-8D11-00A0C91BC942}") = "ReactCommon", "..\..\..\vnext\ReactCommon\ReactCommon.vcxproj", "{A9D95A91-4DB7-4F72-BEB6-FE8A5C89BFBD}"
	ProjectSection(ProjectDependencies) = postProject
		{A990658C-CE31-4BCC-976F-0FC6B1AF693D} = {A990658C-CE31-4BCC-976F-0FC6B1AF693D}
	EndProjectSection
EndProject
Project("{8BC9CEB8-8B4A-11D0-8D11-00A0C91BC942}") = "ReactWindowsCore", "..\..\..\vnext\ReactWindowsCore\ReactWindowsCore.vcxproj", "{11C084A3-A57C-4296-A679-CAC17B603144}"
	ProjectSection(ProjectDependencies) = postProject
		{A990658C-CE31-4BCC-976F-0FC6B1AF693D} = {A990658C-CE31-4BCC-976F-0FC6B1AF693D}
	EndProjectSection
EndProject
Project("{2150E333-8FDC-42A3-9474-1A3956D46DE8}") = "PropertySheets", "PropertySheets", "{6F24927E-EE45-4DB2-91DA-DCC6E98B0C42}"
	ProjectSection(SolutionItems) = preProject
		PropertySheets\ARM.props = PropertySheets\ARM.props
		PropertySheets\Debug.props = PropertySheets\Debug.props
		PropertySheets\React.Cpp.props = PropertySheets\React.Cpp.props
		PropertySheets\Release.props = PropertySheets\Release.props
		PropertySheets\Warnings.props = PropertySheets\Warnings.props
		PropertySheets\Win32.props = PropertySheets\Win32.props
		PropertySheets\x64.props = PropertySheets\x64.props
		PropertySheets\x86.props = PropertySheets\x86.props
	EndProjectSection
EndProject
Project("{8BC9CEB8-8B4A-11D0-8D11-00A0C91BC942}") = "Chakra", "..\..\..\vnext\Chakra\Chakra.vcxitems", "{C38970C0-5FBF-4D69-90D8-CBAC225AE895}"
EndProject
Project("{8BC9CEB8-8B4A-11D0-8D11-00A0C91BC942}") = "Microsoft.ReactNative", "..\..\..\vnext\Microsoft.ReactNative\Microsoft.ReactNative.vcxproj", "{F7D32BD0-2749-483E-9A0D-1635EF7E3136}"
EndProject
Project("{FAE04EC0-301F-11D3-BF4B-00C04F79EFBC}") = "Microsoft.ReactNative.Managed", "..\..\..\vnext\Microsoft.ReactNative.Managed\Microsoft.ReactNative.Managed.csproj", "{0CEA72C6-3F89-47D2-B9D1-05289F989277}"
EndProject
Project("{FAE04EC0-301F-11D3-BF4B-00C04F79EFBC}") = "SampleLibraryCS", "SampleLibraryCS\SampleLibraryCS.csproj", "{C0A6BD9C-3EE5-4B12-8CE4-CEE95178539C}"
EndProject
Project("{8BC9CEB8-8B4A-11D0-8D11-00A0C91BC942}") = "SampleLibraryCPP", "SampleLibraryCPP\SampleLibraryCPP.vcxproj", "{47EEC7F3-40D3-49BA-82C1-EAF103B54215}"
EndProject
Global
	GlobalSection(SharedMSBuildProjectFiles) = preSolution
		..\..\..\vnext\Chakra\Chakra.vcxitems*{2d5d43d9-cffc-4c40-b4cd-02efb4e2742b}*SharedItemsImports = 4
		..\..\..\vnext\Shared\Shared.vcxitems*{2d5d43d9-cffc-4c40-b4cd-02efb4e2742b}*SharedItemsImports = 4
		..\..\..\vnext\Chakra\Chakra.vcxitems*{c38970c0-5fbf-4d69-90d8-cbac225ae895}*SharedItemsImports = 9
	EndGlobalSection
	GlobalSection(SolutionConfigurationPlatforms) = preSolution
		Debug|ARM = Debug|ARM
		Debug|x64 = Debug|x64
		Debug|x86 = Debug|x86
		Release|ARM = Release|ARM
		Release|x64 = Release|x64
		Release|x86 = Release|x86
	EndGlobalSection
	GlobalSection(ProjectConfigurationPlatforms) = postSolution
		{09F4E6C1-2D12-4059-AA96-0B190861FD6A}.Debug|ARM.ActiveCfg = Debug|ARM
		{09F4E6C1-2D12-4059-AA96-0B190861FD6A}.Debug|ARM.Build.0 = Debug|ARM
		{09F4E6C1-2D12-4059-AA96-0B190861FD6A}.Debug|ARM.Deploy.0 = Debug|ARM
		{09F4E6C1-2D12-4059-AA96-0B190861FD6A}.Debug|x64.ActiveCfg = Debug|x64
		{09F4E6C1-2D12-4059-AA96-0B190861FD6A}.Debug|x64.Build.0 = Debug|x64
		{09F4E6C1-2D12-4059-AA96-0B190861FD6A}.Debug|x64.Deploy.0 = Debug|x64
		{09F4E6C1-2D12-4059-AA96-0B190861FD6A}.Debug|x86.ActiveCfg = Debug|x86
		{09F4E6C1-2D12-4059-AA96-0B190861FD6A}.Debug|x86.Build.0 = Debug|x86
		{09F4E6C1-2D12-4059-AA96-0B190861FD6A}.Debug|x86.Deploy.0 = Debug|x86
		{09F4E6C1-2D12-4059-AA96-0B190861FD6A}.Release|ARM.ActiveCfg = Release|ARM
		{09F4E6C1-2D12-4059-AA96-0B190861FD6A}.Release|ARM.Build.0 = Release|ARM
		{09F4E6C1-2D12-4059-AA96-0B190861FD6A}.Release|ARM.Deploy.0 = Release|ARM
		{09F4E6C1-2D12-4059-AA96-0B190861FD6A}.Release|x64.ActiveCfg = Release|x64
		{09F4E6C1-2D12-4059-AA96-0B190861FD6A}.Release|x64.Build.0 = Release|x64
		{09F4E6C1-2D12-4059-AA96-0B190861FD6A}.Release|x64.Deploy.0 = Release|x64
		{09F4E6C1-2D12-4059-AA96-0B190861FD6A}.Release|x86.ActiveCfg = Release|x86
		{09F4E6C1-2D12-4059-AA96-0B190861FD6A}.Release|x86.Build.0 = Release|x86
		{09F4E6C1-2D12-4059-AA96-0B190861FD6A}.Release|x86.Deploy.0 = Release|x86
		{93F7572C-64B9-4096-9EF9-6BA0EDE2B50D}.Debug|ARM.ActiveCfg = Debug|ARM
		{93F7572C-64B9-4096-9EF9-6BA0EDE2B50D}.Debug|x64.ActiveCfg = Debug|x64
		{93F7572C-64B9-4096-9EF9-6BA0EDE2B50D}.Debug|x86.ActiveCfg = Debug|Win32
		{93F7572C-64B9-4096-9EF9-6BA0EDE2B50D}.Release|ARM.ActiveCfg = Release|ARM
		{93F7572C-64B9-4096-9EF9-6BA0EDE2B50D}.Release|x64.ActiveCfg = Release|x64
		{93F7572C-64B9-4096-9EF9-6BA0EDE2B50D}.Release|x86.ActiveCfg = Release|Win32
		{A990658C-CE31-4BCC-976F-0FC6B1AF693D}.Debug|ARM.ActiveCfg = Debug|ARM
		{A990658C-CE31-4BCC-976F-0FC6B1AF693D}.Debug|ARM.Build.0 = Debug|ARM
		{A990658C-CE31-4BCC-976F-0FC6B1AF693D}.Debug|x64.ActiveCfg = Debug|x64
		{A990658C-CE31-4BCC-976F-0FC6B1AF693D}.Debug|x64.Build.0 = Debug|x64
		{A990658C-CE31-4BCC-976F-0FC6B1AF693D}.Debug|x86.ActiveCfg = Debug|Win32
		{A990658C-CE31-4BCC-976F-0FC6B1AF693D}.Debug|x86.Build.0 = Debug|Win32
		{A990658C-CE31-4BCC-976F-0FC6B1AF693D}.Release|ARM.ActiveCfg = Release|ARM
		{A990658C-CE31-4BCC-976F-0FC6B1AF693D}.Release|ARM.Build.0 = Release|ARM
		{A990658C-CE31-4BCC-976F-0FC6B1AF693D}.Release|x64.ActiveCfg = Release|x64
		{A990658C-CE31-4BCC-976F-0FC6B1AF693D}.Release|x64.Build.0 = Release|x64
		{A990658C-CE31-4BCC-976F-0FC6B1AF693D}.Release|x86.ActiveCfg = Release|Win32
		{A990658C-CE31-4BCC-976F-0FC6B1AF693D}.Release|x86.Build.0 = Release|Win32
		{2D5D43D9-CFFC-4C40-B4CD-02EFB4E2742B}.Debug|ARM.ActiveCfg = Debug|ARM
		{2D5D43D9-CFFC-4C40-B4CD-02EFB4E2742B}.Debug|ARM.Build.0 = Debug|ARM
		{2D5D43D9-CFFC-4C40-B4CD-02EFB4E2742B}.Debug|x64.ActiveCfg = Debug|x64
		{2D5D43D9-CFFC-4C40-B4CD-02EFB4E2742B}.Debug|x64.Build.0 = Debug|x64
		{2D5D43D9-CFFC-4C40-B4CD-02EFB4E2742B}.Debug|x86.ActiveCfg = Debug|Win32
		{2D5D43D9-CFFC-4C40-B4CD-02EFB4E2742B}.Debug|x86.Build.0 = Debug|Win32
		{2D5D43D9-CFFC-4C40-B4CD-02EFB4E2742B}.Release|ARM.ActiveCfg = Release|ARM
		{2D5D43D9-CFFC-4C40-B4CD-02EFB4E2742B}.Release|ARM.Build.0 = Release|ARM
		{2D5D43D9-CFFC-4C40-B4CD-02EFB4E2742B}.Release|x64.ActiveCfg = Release|x64
		{2D5D43D9-CFFC-4C40-B4CD-02EFB4E2742B}.Release|x64.Build.0 = Release|x64
		{2D5D43D9-CFFC-4C40-B4CD-02EFB4E2742B}.Release|x86.ActiveCfg = Release|Win32
		{2D5D43D9-CFFC-4C40-B4CD-02EFB4E2742B}.Release|x86.Build.0 = Release|Win32
		{A9D95A91-4DB7-4F72-BEB6-FE8A5C89BFBD}.Debug|ARM.ActiveCfg = Debug|ARM
		{A9D95A91-4DB7-4F72-BEB6-FE8A5C89BFBD}.Debug|ARM.Build.0 = Debug|ARM
		{A9D95A91-4DB7-4F72-BEB6-FE8A5C89BFBD}.Debug|x64.ActiveCfg = Debug|x64
		{A9D95A91-4DB7-4F72-BEB6-FE8A5C89BFBD}.Debug|x64.Build.0 = Debug|x64
		{A9D95A91-4DB7-4F72-BEB6-FE8A5C89BFBD}.Debug|x86.ActiveCfg = Debug|Win32
		{A9D95A91-4DB7-4F72-BEB6-FE8A5C89BFBD}.Debug|x86.Build.0 = Debug|Win32
		{A9D95A91-4DB7-4F72-BEB6-FE8A5C89BFBD}.Release|ARM.ActiveCfg = Release|ARM
		{A9D95A91-4DB7-4F72-BEB6-FE8A5C89BFBD}.Release|ARM.Build.0 = Release|ARM
		{A9D95A91-4DB7-4F72-BEB6-FE8A5C89BFBD}.Release|x64.ActiveCfg = Release|x64
		{A9D95A91-4DB7-4F72-BEB6-FE8A5C89BFBD}.Release|x64.Build.0 = Release|x64
		{A9D95A91-4DB7-4F72-BEB6-FE8A5C89BFBD}.Release|x86.ActiveCfg = Release|Win32
		{A9D95A91-4DB7-4F72-BEB6-FE8A5C89BFBD}.Release|x86.Build.0 = Release|Win32
		{11C084A3-A57C-4296-A679-CAC17B603144}.Debug|ARM.ActiveCfg = Debug|ARM
		{11C084A3-A57C-4296-A679-CAC17B603144}.Debug|ARM.Build.0 = Debug|ARM
		{11C084A3-A57C-4296-A679-CAC17B603144}.Debug|x64.ActiveCfg = Debug|x64
		{11C084A3-A57C-4296-A679-CAC17B603144}.Debug|x64.Build.0 = Debug|x64
		{11C084A3-A57C-4296-A679-CAC17B603144}.Debug|x86.ActiveCfg = Debug|Win32
		{11C084A3-A57C-4296-A679-CAC17B603144}.Debug|x86.Build.0 = Debug|Win32
		{11C084A3-A57C-4296-A679-CAC17B603144}.Release|ARM.ActiveCfg = Release|ARM
		{11C084A3-A57C-4296-A679-CAC17B603144}.Release|ARM.Build.0 = Release|ARM
		{11C084A3-A57C-4296-A679-CAC17B603144}.Release|x64.ActiveCfg = Release|x64
		{11C084A3-A57C-4296-A679-CAC17B603144}.Release|x64.Build.0 = Release|x64
		{11C084A3-A57C-4296-A679-CAC17B603144}.Release|x86.ActiveCfg = Release|Win32
		{11C084A3-A57C-4296-A679-CAC17B603144}.Release|x86.Build.0 = Release|Win32
		{F7D32BD0-2749-483E-9A0D-1635EF7E3136}.Debug|ARM.ActiveCfg = Debug|ARM
		{F7D32BD0-2749-483E-9A0D-1635EF7E3136}.Debug|ARM.Build.0 = Debug|ARM
		{F7D32BD0-2749-483E-9A0D-1635EF7E3136}.Debug|x64.ActiveCfg = Debug|x64
		{F7D32BD0-2749-483E-9A0D-1635EF7E3136}.Debug|x64.Build.0 = Debug|x64
		{F7D32BD0-2749-483E-9A0D-1635EF7E3136}.Debug|x86.ActiveCfg = Debug|Win32
		{F7D32BD0-2749-483E-9A0D-1635EF7E3136}.Debug|x86.Build.0 = Debug|Win32
		{F7D32BD0-2749-483E-9A0D-1635EF7E3136}.Release|ARM.ActiveCfg = Release|ARM
		{F7D32BD0-2749-483E-9A0D-1635EF7E3136}.Release|ARM.Build.0 = Release|ARM
		{F7D32BD0-2749-483E-9A0D-1635EF7E3136}.Release|x64.ActiveCfg = Release|x64
		{F7D32BD0-2749-483E-9A0D-1635EF7E3136}.Release|x64.Build.0 = Release|x64
		{F7D32BD0-2749-483E-9A0D-1635EF7E3136}.Release|x86.ActiveCfg = Release|Win32
		{F7D32BD0-2749-483E-9A0D-1635EF7E3136}.Release|x86.Build.0 = Release|Win32
		{0CEA72C6-3F89-47D2-B9D1-05289F989277}.Debug|ARM.ActiveCfg = Debug|ARM
		{0CEA72C6-3F89-47D2-B9D1-05289F989277}.Debug|ARM.Build.0 = Debug|ARM
		{0CEA72C6-3F89-47D2-B9D1-05289F989277}.Debug|x64.ActiveCfg = Debug|x64
		{0CEA72C6-3F89-47D2-B9D1-05289F989277}.Debug|x64.Build.0 = Debug|x64
		{0CEA72C6-3F89-47D2-B9D1-05289F989277}.Debug|x86.ActiveCfg = Debug|x86
		{0CEA72C6-3F89-47D2-B9D1-05289F989277}.Debug|x86.Build.0 = Debug|x86
		{0CEA72C6-3F89-47D2-B9D1-05289F989277}.Release|ARM.ActiveCfg = Release|ARM
		{0CEA72C6-3F89-47D2-B9D1-05289F989277}.Release|ARM.Build.0 = Release|ARM
		{0CEA72C6-3F89-47D2-B9D1-05289F989277}.Release|x64.ActiveCfg = Release|x64
		{0CEA72C6-3F89-47D2-B9D1-05289F989277}.Release|x64.Build.0 = Release|x64
		{0CEA72C6-3F89-47D2-B9D1-05289F989277}.Release|x86.ActiveCfg = Release|x86
		{0CEA72C6-3F89-47D2-B9D1-05289F989277}.Release|x86.Build.0 = Release|x86
		{C0A6BD9C-3EE5-4B12-8CE4-CEE95178539C}.Debug|ARM.ActiveCfg = Debug|ARM
		{C0A6BD9C-3EE5-4B12-8CE4-CEE95178539C}.Debug|ARM.Build.0 = Debug|ARM
		{C0A6BD9C-3EE5-4B12-8CE4-CEE95178539C}.Debug|x64.ActiveCfg = Debug|x64
		{C0A6BD9C-3EE5-4B12-8CE4-CEE95178539C}.Debug|x64.Build.0 = Debug|x64
		{C0A6BD9C-3EE5-4B12-8CE4-CEE95178539C}.Debug|x86.ActiveCfg = Debug|x86
		{C0A6BD9C-3EE5-4B12-8CE4-CEE95178539C}.Debug|x86.Build.0 = Debug|x86
		{C0A6BD9C-3EE5-4B12-8CE4-CEE95178539C}.Release|ARM.ActiveCfg = Release|ARM
		{C0A6BD9C-3EE5-4B12-8CE4-CEE95178539C}.Release|ARM.Build.0 = Release|ARM
		{C0A6BD9C-3EE5-4B12-8CE4-CEE95178539C}.Release|x64.ActiveCfg = Release|x64
		{C0A6BD9C-3EE5-4B12-8CE4-CEE95178539C}.Release|x64.Build.0 = Release|x64
		{C0A6BD9C-3EE5-4B12-8CE4-CEE95178539C}.Release|x86.ActiveCfg = Release|x86
		{C0A6BD9C-3EE5-4B12-8CE4-CEE95178539C}.Release|x86.Build.0 = Release|x86
		{47EEC7F3-40D3-49BA-82C1-EAF103B54215}.Debug|ARM.ActiveCfg = Debug|ARM
		{47EEC7F3-40D3-49BA-82C1-EAF103B54215}.Debug|x64.ActiveCfg = Debug|x64
		{47EEC7F3-40D3-49BA-82C1-EAF103B54215}.Debug|x86.ActiveCfg = Debug|Win32
		{47EEC7F3-40D3-49BA-82C1-EAF103B54215}.Release|ARM.ActiveCfg = Release|ARM
		{47EEC7F3-40D3-49BA-82C1-EAF103B54215}.Release|x64.ActiveCfg = Release|x64
		{47EEC7F3-40D3-49BA-82C1-EAF103B54215}.Release|x86.ActiveCfg = Release|Win32
	EndGlobalSection
	GlobalSection(SolutionProperties) = preSolution
		HideSolutionNode = FALSE
	EndGlobalSection
	GlobalSection(ExtensibilityGlobals) = postSolution
		SolutionGuid = {AE882847-CAE9-450F-8962-E76672DC23CE}
	EndGlobalSection
EndGlobal
