{
  "version": 1,
  "dependencies": {
    "net6.0-windows10.0.22621": {
      "Microsoft.UI.Xaml": {
        "type": "Direct",
        "requested": "[2.8.0, )",
        "resolved": "2.8.0",
        "contentHash": "vxdHxTr63s5KVtNddMFpgvjBjUH50z7seq/5jLWmmSuf8poxg+sXrywkofUdE8ZstbpO9y3FL/IXXUcPYbeesA==",
        "dependencies": {
          "Microsoft.Web.WebView2": "1.0.1264.42"
        }
      },
      "Microsoft.Windows.CsWinRT": {
        "type": "Direct",
        "requested": "[2.1.3, )",
        "resolved": "2.1.3",
        "contentHash": "Nl8A4rQ4l2GNj703GvLSbr0Vo++FjxKxU7CIj1pcKz/sN8XSvD4dIvUCYYgD16o2pG4PSSXNgAxfwDUwLGHLPA=="
      },
      "Microsoft.Web.WebView2": {
        "type": "Transitive",
        "resolved": "1.0.1264.42",
        "contentHash": "7OBUTkzQ5VI/3gb0ufi5U4zjuCowAJwQg2li0zXXzqkM+S1kmOlivTy1R4jAW+gY5Vyg510M+qMAESCQUjrfgA=="
      },
      "common": {
        "type": "Project"
      },
      "fmt": {
        "type": "Project"
      },
      "folly": {
        "type": "Project",
        "dependencies": {
          "fmt": "[1.0.0, )"
        }
      },
      "microsoft.reactnative": {
        "type": "Project",
        "dependencies": {
          "Common": "[1.0.0, )",
          "Folly": "[1.0.0, )",
          "ReactCommon": "[1.0.0, )"
        }
      },
      "reactcommon": {
        "type": "Project",
        "dependencies": {
          "Folly": "[1.0.0, )"
        }
      }
    }
  }
}