{
  "version": 1,
  "dependencies": {
    "native,Version=v0.0": {
      "boost": {
        "type": "Direct",
        "requested": "[1.84.0, )",
        "resolved": "1.84.0",
        "contentHash": "4el2YP3cNJDVFPdzOso+LxGvdWP2rHxML4siq8VdonNypW2m4q503tHfCj6vK0L1UfxioE2hpFGb4ITEua73tg=="
      }
    },
    "native,Version=v0.0/win10-arm": {},
    "native,Version=v0.0/win10-arm-aot": {},
    "native,Version=v0.0/win10-arm64-aot": {},
    "native,Version=v0.0/win10-x64": {},
    "native,Version=v0.0/win10-x64-aot": {},
    "native,Version=v0.0/win10-x86": {},
    "native,Version=v0.0/win10-x86-aot": {}
  }
}