<?xml version="1.0" encoding="utf-8"?>
<Project ToolsVersion="Current" xmlns="http://schemas.microsoft.com/developer/msbuild/2003">
  <ItemGroup>
    <Filter Include="stubs">
      <UniqueIdentifier>{7f5b0b9a-6a9b-4927-b92e-b796d8722357}</UniqueIdentifier>
    </Filter>
    <Filter Include="stubs\sys">
      <UniqueIdentifier>{6f281c77-c556-413f-ab0e-e1da95aa47d2}</UniqueIdentifier>
    </Filter>
    <Filter Include="cxxreact">
      <UniqueIdentifier>{9e2dd06f-00fd-47bc-87cd-856bf393c504}</UniqueIdentifier>
    </Filter>
    <Filter Include="yoga">
      <UniqueIdentifier>{3db635c1-ad38-4099-b79d-872a6ef4319f}</UniqueIdentifier>
    </Filter>
    <Filter Include="jsi">
      <UniqueIdentifier>{c8c4a850-2ee5-4211-9c65-3dd074209b47}</UniqueIdentifier>
    </Filter>
    <Filter Include="jsiexecutor">
      <UniqueIdentifier>{eae1b827-8949-49dd-9740-501033bcd441}</UniqueIdentifier>
    </Filter>
    <Filter Include="jsiexecutor\jsireact">
      <UniqueIdentifier>{1072517c-f7e8-419d-a43a-b037bf46e691}</UniqueIdentifier>
    </Filter>
    <Filter Include="jsi\jsi">
      <UniqueIdentifier>{9c8e7a7a-c77d-479d-8611-1ece3cdacad7}</UniqueIdentifier>
    </Filter>
    <Filter Include="turbomodule">
      <UniqueIdentifier>{23b0c36f-4a4b-4380-9e4c-f8cb0c2f2714}</UniqueIdentifier>
    </Filter>
    <Filter Include="turbomodule\core">
      <UniqueIdentifier>{c4d010df-7391-4171-8658-9048078a5523}</UniqueIdentifier>
    </Filter>
    <Filter Include="yoga\event">
      <UniqueIdentifier>{b81cc660-374c-4232-823b-6c76b48564b4}</UniqueIdentifier>
    </Filter>
    <Filter Include="react">
      <UniqueIdentifier>{2d49b4f6-fe41-45da-9942-81217accd474}</UniqueIdentifier>
    </Filter>
    <Filter Include="react\renderer">
      <UniqueIdentifier>{61211521-40da-4211-b23d-bced1fefc5d8}</UniqueIdentifier>
    </Filter>
    <Filter Include="react\renderer\core">
      <UniqueIdentifier>{fa6d6abd-769f-4c36-b881-173f3f218abe}</UniqueIdentifier>
    </Filter>
    <Filter Include="react\renderer\debug">
      <UniqueIdentifier>{cc363422-d654-4288-b8b8-ea8f38aa7604}</UniqueIdentifier>
    </Filter>
    <Filter Include="logger">
      <UniqueIdentifier>{a6918f44-da21-414d-ad25-d9bdb8f8756b}</UniqueIdentifier>
    </Filter>
    <Filter Include="reactperflogger">
      <UniqueIdentifier>{f3362933-5f11-4653-929d-e13607d919b7}</UniqueIdentifier>
    </Filter>
    <Filter Include="reactperflogger\reactperflogger">
      <UniqueIdentifier>{50a825f0-9a6d-454e-94f5-65cf7cad34cc}</UniqueIdentifier>
    </Filter>
    <Filter Include="callinvoker">
      <UniqueIdentifier>{d2eae11a-b021-4d0f-bf0f-cc5a164f2579}</UniqueIdentifier>
    </Filter>
    <Filter Include="callinvoker\ReactCommon">
      <UniqueIdentifier>{103aab63-7882-4777-85a5-8fdbbc8e54f9}</UniqueIdentifier>
    </Filter>
    <Filter Include="react\bridging">
      <UniqueIdentifier>{55de2e00-aeb3-4ab3-a731-6edfc63c4db9}</UniqueIdentifier>
    </Filter>
    <Filter Include="react\renderer\mapbuffer">
      <UniqueIdentifier>{297ffef3-6154-41cf-85b1-75eff3d8fba0}</UniqueIdentifier>
    </Filter>
    <Filter Include="react\nativemodule">
      <UniqueIdentifier>{739297af-da89-4523-899d-02b454fc9330}</UniqueIdentifier>
    </Filter>
    <Filter Include="react\nativemodule\samples">
      <UniqueIdentifier>{d6f7e924-6bcc-49c7-b6c0-59f9199a1bf9}</UniqueIdentifier>
    </Filter>
    <Filter Include="react\nativemodule\samples\ReactCommon">
      <UniqueIdentifier>{e3ff0f65-dba6-4a18-8ec5-acfe73178bb7}</UniqueIdentifier>
    </Filter>
    <Filter Include="react\renderer\telemetry">
      <UniqueIdentifier>{40bfe98f-f174-4c03-9296-d371bc230e53}</UniqueIdentifier>
    </Filter>
  </ItemGroup>
  <ItemGroup>
    <ClCompile Include="$(ReactNativeDir)\ReactCommon\cxxreact\CxxNativeModule.cpp">
      <Filter>cxxreact</Filter>
    </ClCompile>
    <ClCompile Include="$(ReactNativeDir)\ReactCommon\cxxreact\Instance.cpp">
      <Filter>cxxreact</Filter>
    </ClCompile>
    <ClCompile Include="$(ReactNativeDir)\ReactCommon\cxxreact\JSBundleType.cpp">
      <Filter>cxxreact</Filter>
    </ClCompile>
    <ClCompile Include="$(ReactNativeDir)\ReactCommon\cxxreact\JSExecutor.cpp">
      <Filter>cxxreact</Filter>
    </ClCompile>
    <ClCompile Include="$(ReactNativeDir)\ReactCommon\cxxreact\JSIndexedRAMBundle.cpp">
      <Filter>cxxreact</Filter>
    </ClCompile>
    <ClCompile Include="$(ReactNativeDir)\ReactCommon\cxxreact\MethodCall.cpp">
      <Filter>cxxreact</Filter>
    </ClCompile>
    <ClCompile Include="$(ReactNativeDir)\ReactCommon\cxxreact\ModuleRegistry.cpp">
      <Filter>cxxreact</Filter>
    </ClCompile>
    <ClCompile Include="$(ReactNativeDir)\ReactCommon\cxxreact\NativeToJsBridge.cpp">
      <Filter>cxxreact</Filter>
    </ClCompile>
    <ClCompile Include="$(ReactNativeDir)\ReactCommon\cxxreact\RAMBundleRegistry.cpp">
      <Filter>cxxreact</Filter>
    </ClCompile>
    <ClCompile Include="$(ReactNativeDir)\ReactCommon\cxxreact\ReactMarker.cpp">
      <Filter>cxxreact</Filter>
    </ClCompile>
    <ClCompile Include="$(ReactNativeDir)\ReactCommon\jsiexecutor\jsireact\JSIExecutor.cpp">
      <Filter>jsiexecutor\jsireact</Filter>
    </ClCompile>
    <ClCompile Include="$(ReactNativeDir)\ReactCommon\jsiexecutor\jsireact\JSINativeModules.cpp">
      <Filter>jsiexecutor\jsireact</Filter>
    </ClCompile>
    <ClCompile Include="$(YogaDir)\yoga\Utils.cpp">
      <Filter>yoga</Filter>
    </ClCompile>
    <ClCompile Include="$(YogaDir)\yoga\YGEnums.cpp">
      <Filter>yoga</Filter>
    </ClCompile>
    <ClCompile Include="$(YogaDir)\yoga\YGLayout.cpp">
      <Filter>yoga</Filter>
    </ClCompile>
    <ClCompile Include="$(YogaDir)\yoga\YGNode.cpp">
      <Filter>yoga</Filter>
    </ClCompile>
    <ClCompile Include="$(YogaDir)\yoga\YGNodePrint.cpp">
      <Filter>yoga</Filter>
    </ClCompile>
    <ClCompile Include="$(YogaDir)\yoga\YGStyle.cpp">
      <Filter>yoga</Filter>
    </ClCompile>
    <ClCompile Include="$(ReactNativeDir)\ReactCommon\jsi\jsi\jsi.cpp">
      <Filter>jsi\jsi</Filter>
    </ClCompile>
    <ClCompile Include="$(ReactNativeDir)\ReactCommon\jsi\jsi\JSIDynamic.cpp">
      <Filter>jsi\jsi</Filter>
    </ClCompile>
    <ClCompile Include="$(YogaDir)\yoga\YGConfig.cpp">
      <Filter>yoga</Filter>
    </ClCompile>
    <ClCompile Include="$(YogaDir)\yoga\YGValue.cpp">
      <Filter>yoga</Filter>
    </ClCompile>
    <ClCompile Include="$(YogaDir)\yoga\log.cpp">
      <Filter>yoga</Filter>
    </ClCompile>
    <ClCompile Include="$(ReactNativeDir)\ReactCommon\react\nativemodule\core\ReactCommon\TurboModuleBinding.cpp">
      <Filter>turbomodule\core</Filter>
    </ClCompile>
    <ClCompile Include="$(ReactNativeDir)\ReactCommon\react\nativemodule\core\ReactCommon\TurboModuleUtils.cpp">
      <Filter>turbomodule\core</Filter>
    </ClCompile>
    <ClCompile Include="$(ReactNativeDir)\ReactCommon\react\bridging\LongLivedObject.cpp">
      <Filter>turbomodule\core</Filter>
    </ClCompile>
    <ClCompile Include="$(ReactNativeDir)\ReactCommon\react\nativemodule\core\ReactCommon\TurboCxxModule.cpp">
      <Filter>turbomodule\core</Filter>
    </ClCompile>
    <ClCompile Include="$(ReactNativeDir)\ReactCommon\react\nativemodule\core\ReactCommon\TurboModule.cpp">
      <Filter>turbomodule\core</Filter>
    </ClCompile>
    <ClCompile Include="$(YogaDir)\yoga\event\event.cpp">
      <Filter>yoga\event</Filter>
    </ClCompile>
    <ClCompile Include="$(ReactNativeDir)\ReactCommon\react\renderer\core\Sealable.cpp">
      <Filter>react\renderer\core</Filter>
    </ClCompile>
    <ClCompile Include="$(ReactNativeDir)\ReactCommon\react\renderer\debug\DebugStringConvertibleItem.cpp">
      <Filter>react\renderer\debug</Filter>
    </ClCompile>
    <ClCompile Include="$(ReactNativeDir)\ReactCommon\react\renderer\debug\DebugStringConvertible.cpp">
      <Filter>react\renderer\debug</Filter>
    </ClCompile>
    <ClCompile Include="pch.cpp" />
    <ClCompile Include="Yoga.cpp" />
    <ClCompile Include="$(ReactNativeDir)\ReactCommon\logger\react_native_log.cpp">
      <Filter>logger</Filter>
    </ClCompile>
    <CLCompile Include="$(ReactNativeDir)\ReactCommon\reactperflogger\reactperflogger\BridgeNativeModulePerfLogger.cpp">
      <Filter>reactperflogger\reactperflogger</Filter>
    </CLCompile>
    <ClCompile Include="$(ReactNativeDir)\ReactCommon\react\renderer\mapbuffer\MapBuffer.cpp">
      <Filter>react\renderer\mapbuffer</Filter>
    </ClCompile>
    <ClCompile Include="$(ReactNativeDir)\ReactCommon\react\renderer\mapbuffer\MapBufferBuilder.cpp">
      <Filter>react\renderer\mapbuffer</Filter>
    </ClCompile>
    <CLCompile Include="$(ReactNativeDir)\ReactCommon\react\nativemodule\samples\ReactCommon\NativeSampleTurboCxxModuleSpecJSI.cpp">
      <Filter>react\nativemodule\samples\ReactCommon</Filter>
    </CLCompile>
    <CLCompile Include="$(ReactNativeDir)\ReactCommon\react\nativemodule\samples\ReactCommon\SampleTurboCxxModule.cpp">
      <Filter>react\nativemodule\samples\ReactCommon</Filter>
    </CLCompile>
    <ClCompile Include="$(ReactNativeDir)\ReactCommon\react\renderer\telemetry\TransactionTelemetry.cpp">
      <Filter>react\renderer\telemetry</Filter>
    </ClCompile>
  </ItemGroup>
  <ItemGroup>
    <ClInclude Include="..\stubs\sys\mman.h">
      <Filter>stubs\sys</Filter>
    </ClInclude>
    <ClInclude Include="..\stubs\sys\time.h">
      <Filter>stubs\sys</Filter>
    </ClInclude>
    <ClInclude Include="$(ReactNativeDir)\ReactCommon\cxxreact\CxxModule.h">
      <Filter>cxxreact</Filter>
    </ClInclude>
    <ClInclude Include="$(ReactNativeDir)\ReactCommon\cxxreact\CxxNativeModule.h">
      <Filter>cxxreact</Filter>
    </ClInclude>
    <ClInclude Include="$(ReactNativeDir)\ReactCommon\cxxreact\Instance.h">
      <Filter>cxxreact</Filter>
    </ClInclude>
    <ClInclude Include="$(ReactNativeDir)\ReactCommon\cxxreact\JsArgumentHelpers-inl.h">
      <Filter>cxxreact</Filter>
    </ClInclude>
    <ClInclude Include="$(ReactNativeDir)\ReactCommon\cxxreact\JsArgumentHelpers.h">
      <Filter>cxxreact</Filter>
    </ClInclude>
    <ClInclude Include="$(ReactNativeDir)\ReactCommon\cxxreact\JSBigString.h">
      <Filter>cxxreact</Filter>
    </ClInclude>
    <ClInclude Include="$(ReactNativeDir)\ReactCommon\cxxreact\JSBundleType.h">
      <Filter>cxxreact</Filter>
    </ClInclude>
    <ClInclude Include="$(ReactNativeDir)\ReactCommon\cxxreact\JSIndexedRAMBundle.h">
      <Filter>cxxreact</Filter>
    </ClInclude>
    <ClInclude Include="$(ReactNativeDir)\ReactCommon\cxxreact\JSModulesUnbundle.h">
      <Filter>cxxreact</Filter>
    </ClInclude>
    <ClInclude Include="$(ReactNativeDir)\ReactCommon\cxxreact\MessageQueueThread.h">
      <Filter>cxxreact</Filter>
    </ClInclude>
    <ClInclude Include="$(ReactNativeDir)\ReactCommon\cxxreact\MethodCall.h">
      <Filter>cxxreact</Filter>
    </ClInclude>
    <ClInclude Include="$(ReactNativeDir)\ReactCommon\cxxreact\ModuleRegistry.h">
      <Filter>cxxreact</Filter>
    </ClInclude>
    <ClInclude Include="$(ReactNativeDir)\ReactCommon\cxxreact\NativeModule.h">
      <Filter>cxxreact</Filter>
    </ClInclude>
    <ClInclude Include="$(ReactNativeDir)\ReactCommon\cxxreact\NativeModuleProvider.h">
      <Filter>cxxreact</Filter>
    </ClInclude>
    <ClInclude Include="$(ReactNativeDir)\ReactCommon\cxxreact\NativeToJsBridge.h">
      <Filter>cxxreact</Filter>
    </ClInclude>
    <ClInclude Include="$(ReactNativeDir)\ReactCommon\cxxreact\ReactMarker.h">
      <Filter>cxxreact</Filter>
    </ClInclude>
    <ClInclude Include="$(ReactNativeDir)\ReactCommon\cxxreact\RecoverableError.h">
      <Filter>cxxreact</Filter>
    </ClInclude>
    <ClInclude Include="$(ReactNativeDir)\ReactCommon\cxxreact\SystraceSection.h">
      <Filter>cxxreact</Filter>
    </ClInclude>
    <ClInclude Include="$(ReactNativeDir)\ReactCommon\jsiexecutor\jsireact\JSIExecutor.h">
      <Filter>jsiexecutor\jsireact</Filter>
    </ClInclude>
    <ClInclude Include="$(ReactNativeDir)\ReactCommon\jsiexecutor\jsireact\JSINativeModules.h">
      <Filter>jsiexecutor\jsireact</Filter>
    </ClInclude>
    <ClInclude Include="$(YogaDir)\yoga\YGEnums.h">
      <Filter>yoga</Filter>
    </ClInclude>
    <ClInclude Include="$(YogaDir)\yoga\YGMacros.h">
      <Filter>yoga</Filter>
    </ClInclude>
    <ClInclude Include="$(YogaDir)\yoga\Yoga.h">
      <Filter>yoga</Filter>
    </ClInclude>
    <ClInclude Include="$(ReactNativeDir)\ReactCommon\jsi\jsi\instrumentation.h">
      <Filter>jsi\jsi</Filter>
    </ClInclude>
    <ClInclude Include="$(ReactNativeDir)\ReactCommon\jsi\jsi\jsi.h">
      <Filter>jsi\jsi</Filter>
    </ClInclude>
    <ClInclude Include="$(ReactNativeDir)\ReactCommon\jsi\jsi\jsi-inl.h">
      <Filter>jsi\jsi</Filter>
    </ClInclude>
    <ClInclude Include="$(ReactNativeDir)\ReactCommon\react\nativemodule\core\ReactCommon\TurboModuleBinding.h">
      <Filter>turbomodule\core</Filter>
    </ClInclude>
    <ClInclude Include="$(ReactNativeDir)\ReactCommon\react\nativemodule\core\ReactCommon\TurboModuleUtils.h">
      <Filter>turbomodule\core</Filter>
    </ClInclude>
    <ClInclude Include="$(ReactNativeDir)\ReactCommon\react\nativemodule\core\ReactCommon\LongLivedObject.h">
      <Filter>turbomodule\core</Filter>
    </ClInclude>
    <ClInclude Include="$(ReactNativeDir)\ReactCommon\react\nativemodule\core\ReactCommon\TurboCxxModule.h">
      <Filter>turbomodule\core</Filter>
    </ClInclude>
    <ClInclude Include="$(ReactNativeDir)\ReactCommon\react\nativemodule\core\ReactCommon\TurboModule.h">
      <Filter>turbomodule\core</Filter>
    </ClInclude>
    <ClInclude Include="pch.h" />
    <ClInclude Include="$(ReactNativeDir)\ReactCommon\cxxreact\JSExecutor.h">
      <Filter>cxxreact</Filter>
    </ClInclude>
    <ClInclude Include="$(ReactNativeDir)\ReactCommon\logger\react_native_log.h">
      <Filter>logger</Filter>
    </ClInclude>
    <ClInclude Include="$(ReactNativeDir)\ReactCommon\callinvoker\ReactCommon\CallInvoker.h">
      <Filter>callinvoker\ReactCommon</Filter>
    </ClInclude>
    <ClInclude Include="$(ReactNativeDir)\ReactCommon\react\bridging\CallbackWrapper.h">
      <Filter>react\bridging</Filter>
    </ClInclude>
  </ItemGroup>
</Project>