
Microsoft Visual Studio Solution File, Format Version 12.00
# Visual Studio 14
VisualStudioVersion = 14.0.25420.1
MinimumVisualStudioVersion = 10.0.40219.1
Project("{FAE04EC0-301F-11D3-BF4B-00C04F79EFBC}") = "Playground", "Playground\Playground.csproj", "{D52267B5-396F-424A-BB26-C9E750032846}"
EndProject
Project("{FAE04EC0-301F-11D3-BF4B-00C04F79EFBC}") = "ReactNative", "ReactNative\ReactNative.csproj", "{C7673AD5-E3AA-468C-A5FD-FA38154E205C}"
EndProject
Project("{FAE04EC0-301F-11D3-BF4B-00C04F79EFBC}") = "ReactNative.Tests", "ReactNative.Tests\ReactNative.Tests.csproj", "{5AC8108B-1C39-4C4A-8653-DBBE4ECCE691}"
EndProject
Project("{8BC9CEB8-8B4A-11D0-8D11-00A0C91BC942}") = "ChakraBridge", "ChakraBridge\ChakraBridge.vcxproj", "{4B72C796-16D5-4E3A-81C0-3E36F531E578}"
EndProject
Project("{D954291E-2A0B-460D-934E-DC6B0785DB48}") = "ReactNative.Shared", "ReactNative.Shared\ReactNative.Shared.shproj", "{EEA8B852-4D07-48E1-8294-A21AB5909FE5}"
EndProject
Project("{FAE04EC0-301F-11D3-BF4B-00C04F79EFBC}") = "ReactNative.Shared.Tests", "ReactNative.Shared.Tests\ReactNative.Shared.Tests.csproj", "{98EFA5D4-A185-4971-AE77-3845E31B84CE}"
EndProject
Global
	GlobalSection(SharedMSBuildProjectFiles) = preSolution
		ReactNative.Shared\ReactNative.Shared.projitems*{98efa5d4-a185-4971-ae77-3845e31b84ce}*SharedItemsImports = 4
		ReactNative.Shared\ReactNative.Shared.projitems*{c7673ad5-e3aa-468c-a5fd-fa38154e205c}*SharedItemsImports = 4
		ReactNative.Shared\ReactNative.Shared.projitems*{eea8b852-4d07-48e1-8294-a21ab5909fe5}*SharedItemsImports = 13
	EndGlobalSection
	GlobalSection(SolutionConfigurationPlatforms) = preSolution
		Debug|Any CPU = Debug|Any CPU
		Debug|ARM = Debug|ARM
		Debug|x64 = Debug|x64
		Debug|x86 = Debug|x86
		DebugBundle|Any CPU = DebugBundle|Any CPU
		DebugBundle|ARM = DebugBundle|ARM
		DebugBundle|x64 = DebugBundle|x64
		DebugBundle|x86 = DebugBundle|x86
		Release|Any CPU = Release|Any CPU
		Release|ARM = Release|ARM
		Release|x64 = Release|x64
		Release|x86 = Release|x86
		ReleaseBundle|Any CPU = ReleaseBundle|Any CPU
		ReleaseBundle|ARM = ReleaseBundle|ARM
		ReleaseBundle|x64 = ReleaseBundle|x64
		ReleaseBundle|x86 = ReleaseBundle|x86
	EndGlobalSection
	GlobalSection(ProjectConfigurationPlatforms) = postSolution
		{D52267B5-396F-424A-BB26-C9E750032846}.Debug|Any CPU.ActiveCfg = Debug|x86
		{D52267B5-396F-424A-BB26-C9E750032846}.Debug|ARM.ActiveCfg = Debug|ARM
		{D52267B5-396F-424A-BB26-C9E750032846}.Debug|ARM.Build.0 = Debug|ARM
		{D52267B5-396F-424A-BB26-C9E750032846}.Debug|ARM.Deploy.0 = Debug|ARM
		{D52267B5-396F-424A-BB26-C9E750032846}.Debug|x64.ActiveCfg = Debug|x64
		{D52267B5-396F-424A-BB26-C9E750032846}.Debug|x64.Build.0 = Debug|x64
		{D52267B5-396F-424A-BB26-C9E750032846}.Debug|x64.Deploy.0 = Debug|x64
		{D52267B5-396F-424A-BB26-C9E750032846}.Debug|x86.ActiveCfg = Debug|x86
		{D52267B5-396F-424A-BB26-C9E750032846}.Debug|x86.Build.0 = Debug|x86
		{D52267B5-396F-424A-BB26-C9E750032846}.Debug|x86.Deploy.0 = Debug|x86
		{D52267B5-396F-424A-BB26-C9E750032846}.DebugBundle|Any CPU.ActiveCfg = DebugBundle|x86
		{D52267B5-396F-424A-BB26-C9E750032846}.DebugBundle|ARM.ActiveCfg = DebugBundle|ARM
		{D52267B5-396F-424A-BB26-C9E750032846}.DebugBundle|ARM.Build.0 = DebugBundle|ARM
		{D52267B5-396F-424A-BB26-C9E750032846}.DebugBundle|ARM.Deploy.0 = DebugBundle|ARM
		{D52267B5-396F-424A-BB26-C9E750032846}.DebugBundle|x64.ActiveCfg = DebugBundle|x64
		{D52267B5-396F-424A-BB26-C9E750032846}.DebugBundle|x64.Build.0 = DebugBundle|x64
		{D52267B5-396F-424A-BB26-C9E750032846}.DebugBundle|x64.Deploy.0 = DebugBundle|x64
		{D52267B5-396F-424A-BB26-C9E750032846}.DebugBundle|x86.ActiveCfg = DebugBundle|x86
		{D52267B5-396F-424A-BB26-C9E750032846}.DebugBundle|x86.Build.0 = DebugBundle|x86
		{D52267B5-396F-424A-BB26-C9E750032846}.DebugBundle|x86.Deploy.0 = DebugBundle|x86
		{D52267B5-396F-424A-BB26-C9E750032846}.Release|Any CPU.ActiveCfg = Release|x86
		{D52267B5-396F-424A-BB26-C9E750032846}.Release|ARM.ActiveCfg = Release|ARM
		{D52267B5-396F-424A-BB26-C9E750032846}.Release|ARM.Build.0 = Release|ARM
		{D52267B5-396F-424A-BB26-C9E750032846}.Release|ARM.Deploy.0 = Release|ARM
		{D52267B5-396F-424A-BB26-C9E750032846}.Release|x64.ActiveCfg = Release|x64
		{D52267B5-396F-424A-BB26-C9E750032846}.Release|x64.Build.0 = Release|x64
		{D52267B5-396F-424A-BB26-C9E750032846}.Release|x64.Deploy.0 = Release|x64
		{D52267B5-396F-424A-BB26-C9E750032846}.Release|x86.ActiveCfg = Release|x86
		{D52267B5-396F-424A-BB26-C9E750032846}.Release|x86.Build.0 = Release|x86
		{D52267B5-396F-424A-BB26-C9E750032846}.Release|x86.Deploy.0 = Release|x86
		{D52267B5-396F-424A-BB26-C9E750032846}.ReleaseBundle|Any CPU.ActiveCfg = ReleaseBundle|x86
		{D52267B5-396F-424A-BB26-C9E750032846}.ReleaseBundle|ARM.ActiveCfg = ReleaseBundle|ARM
		{D52267B5-396F-424A-BB26-C9E750032846}.ReleaseBundle|ARM.Build.0 = ReleaseBundle|ARM
		{D52267B5-396F-424A-BB26-C9E750032846}.ReleaseBundle|ARM.Deploy.0 = ReleaseBundle|ARM
		{D52267B5-396F-424A-BB26-C9E750032846}.ReleaseBundle|x64.ActiveCfg = ReleaseBundle|x64
		{D52267B5-396F-424A-BB26-C9E750032846}.ReleaseBundle|x64.Build.0 = ReleaseBundle|x64
		{D52267B5-396F-424A-BB26-C9E750032846}.ReleaseBundle|x64.Deploy.0 = ReleaseBundle|x64
		{D52267B5-396F-424A-BB26-C9E750032846}.ReleaseBundle|x86.ActiveCfg = ReleaseBundle|x86
		{D52267B5-396F-424A-BB26-C9E750032846}.ReleaseBundle|x86.Build.0 = ReleaseBundle|x86
		{D52267B5-396F-424A-BB26-C9E750032846}.ReleaseBundle|x86.Deploy.0 = ReleaseBundle|x86
		{C7673AD5-E3AA-468C-A5FD-FA38154E205C}.Debug|Any CPU.ActiveCfg = Debug|Any CPU
		{C7673AD5-E3AA-468C-A5FD-FA38154E205C}.Debug|Any CPU.Build.0 = Debug|Any CPU
		{C7673AD5-E3AA-468C-A5FD-FA38154E205C}.Debug|ARM.ActiveCfg = Debug|ARM
		{C7673AD5-E3AA-468C-A5FD-FA38154E205C}.Debug|ARM.Build.0 = Debug|ARM
		{C7673AD5-E3AA-468C-A5FD-FA38154E205C}.Debug|x64.ActiveCfg = Debug|x64
		{C7673AD5-E3AA-468C-A5FD-FA38154E205C}.Debug|x64.Build.0 = Debug|x64
		{C7673AD5-E3AA-468C-A5FD-FA38154E205C}.Debug|x86.ActiveCfg = Debug|x86
		{C7673AD5-E3AA-468C-A5FD-FA38154E205C}.Debug|x86.Build.0 = Debug|x86
		{C7673AD5-E3AA-468C-A5FD-FA38154E205C}.DebugBundle|Any CPU.ActiveCfg = Debug|Any CPU
		{C7673AD5-E3AA-468C-A5FD-FA38154E205C}.DebugBundle|Any CPU.Build.0 = Debug|Any CPU
		{C7673AD5-E3AA-468C-A5FD-FA38154E205C}.DebugBundle|ARM.ActiveCfg = Debug|ARM
		{C7673AD5-E3AA-468C-A5FD-FA38154E205C}.DebugBundle|ARM.Build.0 = Debug|ARM
		{C7673AD5-E3AA-468C-A5FD-FA38154E205C}.DebugBundle|x64.ActiveCfg = Debug|x64
		{C7673AD5-E3AA-468C-A5FD-FA38154E205C}.DebugBundle|x64.Build.0 = Debug|x64
		{C7673AD5-E3AA-468C-A5FD-FA38154E205C}.DebugBundle|x86.ActiveCfg = Debug|x86
		{C7673AD5-E3AA-468C-A5FD-FA38154E205C}.DebugBundle|x86.Build.0 = Debug|x86
		{C7673AD5-E3AA-468C-A5FD-FA38154E205C}.Release|Any CPU.ActiveCfg = Release|Any CPU
		{C7673AD5-E3AA-468C-A5FD-FA38154E205C}.Release|Any CPU.Build.0 = Release|Any CPU
		{C7673AD5-E3AA-468C-A5FD-FA38154E205C}.Release|ARM.ActiveCfg = Release|ARM
		{C7673AD5-E3AA-468C-A5FD-FA38154E205C}.Release|ARM.Build.0 = Release|ARM
		{C7673AD5-E3AA-468C-A5FD-FA38154E205C}.Release|x64.ActiveCfg = Release|x64
		{C7673AD5-E3AA-468C-A5FD-FA38154E205C}.Release|x64.Build.0 = Release|x64
		{C7673AD5-E3AA-468C-A5FD-FA38154E205C}.Release|x86.ActiveCfg = Release|x86
		{C7673AD5-E3AA-468C-A5FD-FA38154E205C}.Release|x86.Build.0 = Release|x86
		{C7673AD5-E3AA-468C-A5FD-FA38154E205C}.ReleaseBundle|Any CPU.ActiveCfg = Release|Any CPU
		{C7673AD5-E3AA-468C-A5FD-FA38154E205C}.ReleaseBundle|Any CPU.Build.0 = Release|Any CPU
		{C7673AD5-E3AA-468C-A5FD-FA38154E205C}.ReleaseBundle|ARM.ActiveCfg = Release|ARM
		{C7673AD5-E3AA-468C-A5FD-FA38154E205C}.ReleaseBundle|ARM.Build.0 = Release|ARM
		{C7673AD5-E3AA-468C-A5FD-FA38154E205C}.ReleaseBundle|x64.ActiveCfg = Release|x64
		{C7673AD5-E3AA-468C-A5FD-FA38154E205C}.ReleaseBundle|x64.Build.0 = Release|x64
		{C7673AD5-E3AA-468C-A5FD-FA38154E205C}.ReleaseBundle|x86.ActiveCfg = Release|x86
		{C7673AD5-E3AA-468C-A5FD-FA38154E205C}.ReleaseBundle|x86.Build.0 = Release|x86
		{5AC8108B-1C39-4C4A-8653-DBBE4ECCE691}.Debug|Any CPU.ActiveCfg = Debug|x86
		{5AC8108B-1C39-4C4A-8653-DBBE4ECCE691}.Debug|ARM.ActiveCfg = Debug|ARM
		{5AC8108B-1C39-4C4A-8653-DBBE4ECCE691}.Debug|ARM.Build.0 = Debug|ARM
		{5AC8108B-1C39-4C4A-8653-DBBE4ECCE691}.Debug|ARM.Deploy.0 = Debug|ARM
		{5AC8108B-1C39-4C4A-8653-DBBE4ECCE691}.Debug|x64.ActiveCfg = Debug|x64
		{5AC8108B-1C39-4C4A-8653-DBBE4ECCE691}.Debug|x64.Build.0 = Debug|x64
		{5AC8108B-1C39-4C4A-8653-DBBE4ECCE691}.Debug|x64.Deploy.0 = Debug|x64
		{5AC8108B-1C39-4C4A-8653-DBBE4ECCE691}.Debug|x86.ActiveCfg = Debug|x86
		{5AC8108B-1C39-4C4A-8653-DBBE4ECCE691}.Debug|x86.Build.0 = Debug|x86
		{5AC8108B-1C39-4C4A-8653-DBBE4ECCE691}.Debug|x86.Deploy.0 = Debug|x86
		{5AC8108B-1C39-4C4A-8653-DBBE4ECCE691}.DebugBundle|Any CPU.ActiveCfg = Release|x86
		{5AC8108B-1C39-4C4A-8653-DBBE4ECCE691}.DebugBundle|Any CPU.Build.0 = Release|x86
		{5AC8108B-1C39-4C4A-8653-DBBE4ECCE691}.DebugBundle|Any CPU.Deploy.0 = Release|x86
		{5AC8108B-1C39-4C4A-8653-DBBE4ECCE691}.DebugBundle|ARM.ActiveCfg = Debug|ARM
		{5AC8108B-1C39-4C4A-8653-DBBE4ECCE691}.DebugBundle|ARM.Build.0 = Debug|ARM
		{5AC8108B-1C39-4C4A-8653-DBBE4ECCE691}.DebugBundle|ARM.Deploy.0 = Debug|ARM
		{5AC8108B-1C39-4C4A-8653-DBBE4ECCE691}.DebugBundle|x64.ActiveCfg = Debug|x64
		{5AC8108B-1C39-4C4A-8653-DBBE4ECCE691}.DebugBundle|x64.Build.0 = Debug|x64
		{5AC8108B-1C39-4C4A-8653-DBBE4ECCE691}.DebugBundle|x64.Deploy.0 = Debug|x64
		{5AC8108B-1C39-4C4A-8653-DBBE4ECCE691}.DebugBundle|x86.ActiveCfg = Debug|x86
		{5AC8108B-1C39-4C4A-8653-DBBE4ECCE691}.DebugBundle|x86.Build.0 = Debug|x86
		{5AC8108B-1C39-4C4A-8653-DBBE4ECCE691}.DebugBundle|x86.Deploy.0 = Debug|x86
		{5AC8108B-1C39-4C4A-8653-DBBE4ECCE691}.Release|Any CPU.ActiveCfg = Release|x86
		{5AC8108B-1C39-4C4A-8653-DBBE4ECCE691}.Release|ARM.ActiveCfg = Release|ARM
		{5AC8108B-1C39-4C4A-8653-DBBE4ECCE691}.Release|ARM.Build.0 = Release|ARM
		{5AC8108B-1C39-4C4A-8653-DBBE4ECCE691}.Release|ARM.Deploy.0 = Release|ARM
		{5AC8108B-1C39-4C4A-8653-DBBE4ECCE691}.Release|x64.ActiveCfg = Release|x64
		{5AC8108B-1C39-4C4A-8653-DBBE4ECCE691}.Release|x64.Build.0 = Release|x64
		{5AC8108B-1C39-4C4A-8653-DBBE4ECCE691}.Release|x64.Deploy.0 = Release|x64
		{5AC8108B-1C39-4C4A-8653-DBBE4ECCE691}.Release|x86.ActiveCfg = Release|x86
		{5AC8108B-1C39-4C4A-8653-DBBE4ECCE691}.Release|x86.Build.0 = Release|x86
		{5AC8108B-1C39-4C4A-8653-DBBE4ECCE691}.Release|x86.Deploy.0 = Release|x86
		{5AC8108B-1C39-4C4A-8653-DBBE4ECCE691}.ReleaseBundle|Any CPU.ActiveCfg = Release|x86
		{5AC8108B-1C39-4C4A-8653-DBBE4ECCE691}.ReleaseBundle|Any CPU.Build.0 = Release|x86
		{5AC8108B-1C39-4C4A-8653-DBBE4ECCE691}.ReleaseBundle|Any CPU.Deploy.0 = Release|x86
		{5AC8108B-1C39-4C4A-8653-DBBE4ECCE691}.ReleaseBundle|ARM.ActiveCfg = Release|ARM
		{5AC8108B-1C39-4C4A-8653-DBBE4ECCE691}.ReleaseBundle|ARM.Build.0 = Release|ARM
		{5AC8108B-1C39-4C4A-8653-DBBE4ECCE691}.ReleaseBundle|ARM.Deploy.0 = Release|ARM
		{5AC8108B-1C39-4C4A-8653-DBBE4ECCE691}.ReleaseBundle|x64.ActiveCfg = Release|x64
		{5AC8108B-1C39-4C4A-8653-DBBE4ECCE691}.ReleaseBundle|x64.Build.0 = Release|x64
		{5AC8108B-1C39-4C4A-8653-DBBE4ECCE691}.ReleaseBundle|x64.Deploy.0 = Release|x64
		{5AC8108B-1C39-4C4A-8653-DBBE4ECCE691}.ReleaseBundle|x86.ActiveCfg = Release|x86
		{5AC8108B-1C39-4C4A-8653-DBBE4ECCE691}.ReleaseBundle|x86.Build.0 = Release|x86
		{5AC8108B-1C39-4C4A-8653-DBBE4ECCE691}.ReleaseBundle|x86.Deploy.0 = Release|x86
		{4B72C796-16D5-4E3A-81C0-3E36F531E578}.Debug|Any CPU.ActiveCfg = Debug|Win32
		{4B72C796-16D5-4E3A-81C0-3E36F531E578}.Debug|ARM.ActiveCfg = Debug|ARM
		{4B72C796-16D5-4E3A-81C0-3E36F531E578}.Debug|ARM.Build.0 = Debug|ARM
		{4B72C796-16D5-4E3A-81C0-3E36F531E578}.Debug|x64.ActiveCfg = Debug|x64
		{4B72C796-16D5-4E3A-81C0-3E36F531E578}.Debug|x64.Build.0 = Debug|x64
		{4B72C796-16D5-4E3A-81C0-3E36F531E578}.Debug|x86.ActiveCfg = Debug|Win32
		{4B72C796-16D5-4E3A-81C0-3E36F531E578}.Debug|x86.Build.0 = Debug|Win32
		{4B72C796-16D5-4E3A-81C0-3E36F531E578}.DebugBundle|Any CPU.ActiveCfg = Release|Win32
		{4B72C796-16D5-4E3A-81C0-3E36F531E578}.DebugBundle|Any CPU.Build.0 = Release|Win32
		{4B72C796-16D5-4E3A-81C0-3E36F531E578}.DebugBundle|ARM.ActiveCfg = Debug|ARM
		{4B72C796-16D5-4E3A-81C0-3E36F531E578}.DebugBundle|ARM.Build.0 = Debug|ARM
		{4B72C796-16D5-4E3A-81C0-3E36F531E578}.DebugBundle|x64.ActiveCfg = Debug|x64
		{4B72C796-16D5-4E3A-81C0-3E36F531E578}.DebugBundle|x64.Build.0 = Debug|x64
		{4B72C796-16D5-4E3A-81C0-3E36F531E578}.DebugBundle|x86.ActiveCfg = Debug|Win32
		{4B72C796-16D5-4E3A-81C0-3E36F531E578}.DebugBundle|x86.Build.0 = Debug|Win32
		{4B72C796-16D5-4E3A-81C0-3E36F531E578}.Release|Any CPU.ActiveCfg = Release|Win32
		{4B72C796-16D5-4E3A-81C0-3E36F531E578}.Release|ARM.ActiveCfg = Release|ARM
		{4B72C796-16D5-4E3A-81C0-3E36F531E578}.Release|ARM.Build.0 = Release|ARM
		{4B72C796-16D5-4E3A-81C0-3E36F531E578}.Release|x64.ActiveCfg = Release|x64
		{4B72C796-16D5-4E3A-81C0-3E36F531E578}.Release|x64.Build.0 = Release|x64
		{4B72C796-16D5-4E3A-81C0-3E36F531E578}.Release|x86.ActiveCfg = Release|Win32
		{4B72C796-16D5-4E3A-81C0-3E36F531E578}.Release|x86.Build.0 = Release|Win32
		{4B72C796-16D5-4E3A-81C0-3E36F531E578}.ReleaseBundle|Any CPU.ActiveCfg = Release|Win32
		{4B72C796-16D5-4E3A-81C0-3E36F531E578}.ReleaseBundle|Any CPU.Build.0 = Release|Win32
		{4B72C796-16D5-4E3A-81C0-3E36F531E578}.ReleaseBundle|ARM.ActiveCfg = Release|ARM
		{4B72C796-16D5-4E3A-81C0-3E36F531E578}.ReleaseBundle|ARM.Build.0 = Release|ARM
		{4B72C796-16D5-4E3A-81C0-3E36F531E578}.ReleaseBundle|x64.ActiveCfg = Release|x64
		{4B72C796-16D5-4E3A-81C0-3E36F531E578}.ReleaseBundle|x64.Build.0 = Release|x64
		{4B72C796-16D5-4E3A-81C0-3E36F531E578}.ReleaseBundle|x86.ActiveCfg = Release|Win32
		{4B72C796-16D5-4E3A-81C0-3E36F531E578}.ReleaseBundle|x86.Build.0 = Release|Win32
		{98EFA5D4-A185-4971-AE77-3845E31B84CE}.Debug|Any CPU.ActiveCfg = Debug|Any CPU
		{98EFA5D4-A185-4971-AE77-3845E31B84CE}.Debug|Any CPU.Build.0 = Debug|Any CPU
		{98EFA5D4-A185-4971-AE77-3845E31B84CE}.Debug|ARM.ActiveCfg = Debug|Any CPU
		{98EFA5D4-A185-4971-AE77-3845E31B84CE}.Debug|ARM.Build.0 = Debug|Any CPU
		{98EFA5D4-A185-4971-AE77-3845E31B84CE}.Debug|x64.ActiveCfg = Debug|Any CPU
		{98EFA5D4-A185-4971-AE77-3845E31B84CE}.Debug|x64.Build.0 = Debug|Any CPU
		{98EFA5D4-A185-4971-AE77-3845E31B84CE}.Debug|x86.ActiveCfg = Debug|Any CPU
		{98EFA5D4-A185-4971-AE77-3845E31B84CE}.Debug|x86.Build.0 = Debug|Any CPU
		{98EFA5D4-A185-4971-AE77-3845E31B84CE}.DebugBundle|Any CPU.ActiveCfg = Debug|Any CPU
		{98EFA5D4-A185-4971-AE77-3845E31B84CE}.DebugBundle|Any CPU.Build.0 = Debug|Any CPU
		{98EFA5D4-A185-4971-AE77-3845E31B84CE}.DebugBundle|ARM.ActiveCfg = Debug|Any CPU
		{98EFA5D4-A185-4971-AE77-3845E31B84CE}.DebugBundle|ARM.Build.0 = Debug|Any CPU
		{98EFA5D4-A185-4971-AE77-3845E31B84CE}.DebugBundle|x64.ActiveCfg = Debug|Any CPU
		{98EFA5D4-A185-4971-AE77-3845E31B84CE}.DebugBundle|x64.Build.0 = Debug|Any CPU
		{98EFA5D4-A185-4971-AE77-3845E31B84CE}.DebugBundle|x86.ActiveCfg = Debug|Any CPU
		{98EFA5D4-A185-4971-AE77-3845E31B84CE}.DebugBundle|x86.Build.0 = Debug|Any CPU
		{98EFA5D4-A185-4971-AE77-3845E31B84CE}.Release|Any CPU.ActiveCfg = Release|Any CPU
		{98EFA5D4-A185-4971-AE77-3845E31B84CE}.Release|Any CPU.Build.0 = Release|Any CPU
		{98EFA5D4-A185-4971-AE77-3845E31B84CE}.Release|ARM.ActiveCfg = Release|Any CPU
		{98EFA5D4-A185-4971-AE77-3845E31B84CE}.Release|ARM.Build.0 = Release|Any CPU
		{98EFA5D4-A185-4971-AE77-3845E31B84CE}.Release|x64.ActiveCfg = Release|Any CPU
		{98EFA5D4-A185-4971-AE77-3845E31B84CE}.Release|x64.Build.0 = Release|Any CPU
		{98EFA5D4-A185-4971-AE77-3845E31B84CE}.Release|x86.ActiveCfg = Release|Any CPU
		{98EFA5D4-A185-4971-AE77-3845E31B84CE}.Release|x86.Build.0 = Release|Any CPU
		{98EFA5D4-A185-4971-AE77-3845E31B84CE}.ReleaseBundle|Any CPU.ActiveCfg = Release|Any CPU
		{98EFA5D4-A185-4971-AE77-3845E31B84CE}.ReleaseBundle|Any CPU.Build.0 = Release|Any CPU
		{98EFA5D4-A185-4971-AE77-3845E31B84CE}.ReleaseBundle|ARM.ActiveCfg = Release|Any CPU
		{98EFA5D4-A185-4971-AE77-3845E31B84CE}.ReleaseBundle|ARM.Build.0 = Release|Any CPU
		{98EFA5D4-A185-4971-AE77-3845E31B84CE}.ReleaseBundle|x64.ActiveCfg = Release|Any CPU
		{98EFA5D4-A185-4971-AE77-3845E31B84CE}.ReleaseBundle|x64.Build.0 = Release|Any CPU
		{98EFA5D4-A185-4971-AE77-3845E31B84CE}.ReleaseBundle|x86.ActiveCfg = Release|Any CPU
		{98EFA5D4-A185-4971-AE77-3845E31B84CE}.ReleaseBundle|x86.Build.0 = Release|Any CPU
	EndGlobalSection
	GlobalSection(SolutionProperties) = preSolution
		HideSolutionNode = FALSE
	EndGlobalSection
EndGlobal
