<?xml version="1.0" encoding="utf-8"?>
<Project ToolsVersion="4.0" xmlns="http://schemas.microsoft.com/developer/msbuild/2003">
  <ItemGroup>
    <Filter Include="Utilities">
      <UniqueIdentifier>{dd007ef2-0241-4f4c-bac8-916c537375a3}</UniqueIdentifier>
    </Filter>
    <Filter Include="Other files">
      <UniqueIdentifier>{8af93322-e15d-4a04-af2f-d9012ef7b089}</UniqueIdentifier>
    </Filter>
  </ItemGroup>
  <ItemGroup>
    <ClCompile Include="DynamicReaderWriterTests.cpp" />
    <ClCompile Include="MemoryTrackerTests.cpp" />
    <ClCompile Include="NativeLogEventTests.cpp" />
    <ClCompile Include="NativeTraceEventTests.cpp" />
    <ClCompile Include="PerfTests.cpp" />
    <ClCompile Include="ReactContextTests.cpp" />
    <ClCompile Include="ReactDispatcherTests.cpp" />
    <ClCompile Include="..\Microsoft.ReactNative.IntegrationTests\ReactInstanceSettingsTests.cpp" />
    <ClCompile Include="ReactModuleBuilderTests.cpp" />
    <ClCompile Include="..\Microsoft.ReactNative.IntegrationTests\ReactNativeHostTests.cpp" />
    <ClCompile Include="ReactNonAbiValueTests.cpp" />
    <ClCompile Include="..\Microsoft.ReactNative.IntegrationTests\ReactNotificationServiceTests.cpp" />
    <ClCompile Include="ReactPackageBuilderTests.cpp" />
    <ClCompile Include="ReactPackageProviderTests.cpp" />
    <ClCompile Include="..\Microsoft.ReactNative.IntegrationTests\ReactPropertyBagTests.cpp" />
    <ClCompile Include="RedBoxTests.cpp" />
    <ClCompile Include="..\Microsoft.ReactNative.IntegrationTests\TestEventService.cpp">
      <Filter>Utilities</Filter>
    </ClCompile>
    <ClCompile Include="..\Microsoft.ReactNative.IntegrationTests\TestReactNativeHostHolder.cpp">
      <Filter>Utilities</Filter>
    </ClCompile>
    <ClCompile Include="pch.cpp">
      <Filter>Utilities</Filter>
    </ClCompile>
    <ClCompile Include="main.cpp">
      <Filter>Utilities</Filter>
    </ClCompile>
    <ClCompile Include="SimpleMessageQueue.cpp">
      <Filter>Utilities</Filter>
    </ClCompile>
  </ItemGroup>
  <ItemGroup>
    <ClInclude Include="pch.h">
      <Filter>Utilities</Filter>
    </ClInclude>
    <ClInclude Include="SimpleMessageQueue.h">
      <Filter>Utilities</Filter>
    </ClInclude>
    <ClInclude Include="..\Microsoft.ReactNative.IntegrationTests\TestEventService.h">
      <Filter>Utilities</Filter>
    </ClInclude>
    <ClInclude Include="..\Microsoft.ReactNative.IntegrationTests\TestReactNativeHostHolder.h">
      <Filter>Utilities</Filter>
    </ClInclude>
  </ItemGroup>
  <ItemGroup>
    <Manifest Include="Application.manifest">
      <Filter>Other files</Filter>
    </Manifest>
  </ItemGroup>
  <ItemGroup>
    <None Include="packages.config">
      <Filter>Other files</Filter>
    </None>
    <None Include="..\Microsoft.ReactNative.IntegrationTests\ReactNativeHostTests.js" />
  </ItemGroup>
</Project>