{
  "version": 1,
  "dependencies": {
    "UAP,Version=v10.0.17763": {
      "boost": {
        "type": "Transitive",
        "resolved": "1.83.0",
        "contentHash": "cy53VNMzysEMvhBixDe8ujPk67Fcj3v6FPHQnH91NYJNLHpc6jxa2xq9ruCaaJjE4M3YrGSHDi4uUSTGBWw6EQ=="
      },
      "Microsoft.Build.Tasks.Git": {
        "type": "Transitive",
        "resolved": "1.1.1",
        "contentHash": "AT3HlgTjsqHnWpBHSNeR0KxbLZD7bztlZVj7I8vgeYG9SYqbeFGh0TM/KVtC6fg53nrWHl3VfZFvb5BiQFcY6Q=="
      },
      "Microsoft.JavaScript.Hermes": {
        "type": "Transitive",
        "resolved": "0.1.23",
        "contentHash": "cA9t1GjY4Yo0JD1AfA//e1lOwk48hLANfuX6GXrikmEBNZVr2TIX5ONJt5tqCnpZyLz6xGiPDgTfFNKbSfb21g=="
      },
      "Microsoft.SourceLink.Common": {
        "type": "Transitive",
        "resolved": "1.1.1",
        "contentHash": "WMcGpWKrmJmzrNeuaEb23bEMnbtR/vLmvZtkAP5qWu7vQsY59GqfRJd65sFpBszbd2k/bQ8cs8eWawQKAabkVg=="
      },
      "Microsoft.SourceLink.GitHub": {
        "type": "Transitive",
        "resolved": "1.1.1",
        "contentHash": "IaJGnOv/M7UQjRJks7B6p7pbPnOwisYGOIzqCz5ilGFTApZ3ktOR+6zJ12ZRPInulBmdAf1SrGdDG2MU8g6XTw==",
        "dependencies": {
          "Microsoft.Build.Tasks.Git": "1.1.1",
          "Microsoft.SourceLink.Common": "1.1.1"
        }
      },
      "Microsoft.VCRTForwarders.140": {
        "type": "Transitive",
        "resolved": "1.0.2-rc",
        "contentHash": "/r+sjtEeCIGyDhobIZ5hSmYhC/dSyGZxf1SxYJpElUhB0LMCktOMFs9gXrauXypIFECpVynNyVjAmJt6hjJ5oQ=="
      },
      "Microsoft.Web.WebView2": {
        "type": "Transitive",
        "resolved": "1.0.2651.64",
        "contentHash": "f5sc/vcAoTCTEW7Nqzp4galAuTRguZViw8ksn+Nx2uskEBPm0/ubzy6gVjvXS/P96jLS89C8T9I0hPc417xpNg=="
      },
      "Microsoft.Windows.SDK.BuildTools": {
        "type": "Transitive",
        "resolved": "10.0.22621.756",
        "contentHash": "7ZL2sFSioYm1Ry067Kw1hg0SCcW5kuVezC2SwjGbcPE61Nn+gTbH86T73G3LcEOVj0S3IZzNuE/29gZvOLS7VA=="
      },
      "Microsoft.WindowsAppSDK": {
        "type": "Transitive",
        "resolved": "1.6.240923002",
        "contentHash": "7PfOz2scXU+AAM/GYge+f6s7k3DVI+R1P8MNPZQr56GOPCGw+csvcg3S5KZg47z/o04kNvWH3GKtWT1ML9tpZw==",
        "dependencies": {
          "Microsoft.Web.WebView2": "1.0.2651.64",
          "Microsoft.Windows.SDK.BuildTools": "10.0.22621.756"
        }
      },
      "automationchannel": {
        "type": "Project",
        "dependencies": {
          "Microsoft.ReactNative": "[1.0.0, )",
          "Microsoft.VCRTForwarders.140": "[1.0.2-rc, )",
          "Microsoft.WindowsAppSDK": "[1.6.240923002, )",
          "boost": "[1.83.0, )"
        }
      },
      "common": {
        "type": "Project",
        "dependencies": {
          "boost": "[1.83.0, )"
        }
      },
      "fmt": {
        "type": "Project"
      },
      "folly": {
        "type": "Project",
        "dependencies": {
          "boost": "[1.83.0, )",
          "fmt": "[1.0.0, )"
        }
      },
      "microsoft.reactnative": {
        "type": "Project",
        "dependencies": {
          "Common": "[1.0.0, )",
          "Folly": "[1.0.0, )",
          "Microsoft.JavaScript.Hermes": "[0.1.23, )",
          "Microsoft.SourceLink.GitHub": "[1.1.1, )",
          "Microsoft.WindowsAppSDK": "[1.6.240923002, )",
          "ReactCommon": "[1.0.0, )",
          "boost": "[1.83.0, )"
        }
      },
      "reactcommon": {
        "type": "Project",
        "dependencies": {
          "Folly": "[1.0.0, )",
          "boost": "[1.83.0, )"
        }
      },
      "rntesterapp-fabric": {
        "type": "Project",
        "dependencies": {
          "AutomationChannel": "[1.0.0, )",
          "Microsoft.JavaScript.Hermes": "[0.1.23, )",
          "Microsoft.ReactNative": "[1.0.0, )",
          "Microsoft.VCRTForwarders.140": "[1.0.2-rc, )",
          "Microsoft.WindowsAppSDK": "[1.6.240923002, )",
          "boost": "[1.83.0, )"
        }
      }
    },
    "UAP,Version=v10.0.17763/win10-arm": {
      "Microsoft.VCRTForwarders.140": {
        "type": "Transitive",
        "resolved": "1.0.2-rc",
        "contentHash": "/r+sjtEeCIGyDhobIZ5hSmYhC/dSyGZxf1SxYJpElUhB0LMCktOMFs9gXrauXypIFECpVynNyVjAmJt6hjJ5oQ=="
      },
      "Microsoft.Web.WebView2": {
        "type": "Transitive",
        "resolved": "1.0.2651.64",
        "contentHash": "f5sc/vcAoTCTEW7Nqzp4galAuTRguZViw8ksn+Nx2uskEBPm0/ubzy6gVjvXS/P96jLS89C8T9I0hPc417xpNg=="
      },
      "Microsoft.WindowsAppSDK": {
        "type": "Transitive",
        "resolved": "1.6.240923002",
        "contentHash": "7PfOz2scXU+AAM/GYge+f6s7k3DVI+R1P8MNPZQr56GOPCGw+csvcg3S5KZg47z/o04kNvWH3GKtWT1ML9tpZw==",
        "dependencies": {
          "Microsoft.Web.WebView2": "1.0.2651.64",
          "Microsoft.Windows.SDK.BuildTools": "10.0.22621.756"
        }
      }
    },
    "UAP,Version=v10.0.17763/win10-arm-aot": {
      "Microsoft.VCRTForwarders.140": {
        "type": "Transitive",
        "resolved": "1.0.2-rc",
        "contentHash": "/r+sjtEeCIGyDhobIZ5hSmYhC/dSyGZxf1SxYJpElUhB0LMCktOMFs9gXrauXypIFECpVynNyVjAmJt6hjJ5oQ=="
      },
      "Microsoft.Web.WebView2": {
        "type": "Transitive",
        "resolved": "1.0.2651.64",
        "contentHash": "f5sc/vcAoTCTEW7Nqzp4galAuTRguZViw8ksn+Nx2uskEBPm0/ubzy6gVjvXS/P96jLS89C8T9I0hPc417xpNg=="
      },
      "Microsoft.WindowsAppSDK": {
        "type": "Transitive",
        "resolved": "1.6.240923002",
        "contentHash": "7PfOz2scXU+AAM/GYge+f6s7k3DVI+R1P8MNPZQr56GOPCGw+csvcg3S5KZg47z/o04kNvWH3GKtWT1ML9tpZw==",
        "dependencies": {
          "Microsoft.Web.WebView2": "1.0.2651.64",
          "Microsoft.Windows.SDK.BuildTools": "10.0.22621.756"
        }
      }
    },
    "UAP,Version=v10.0.17763/win10-arm64-aot": {
      "Microsoft.VCRTForwarders.140": {
        "type": "Transitive",
        "resolved": "1.0.2-rc",
        "contentHash": "/r+sjtEeCIGyDhobIZ5hSmYhC/dSyGZxf1SxYJpElUhB0LMCktOMFs9gXrauXypIFECpVynNyVjAmJt6hjJ5oQ=="
      },
      "Microsoft.Web.WebView2": {
        "type": "Transitive",
        "resolved": "1.0.2651.64",
        "contentHash": "f5sc/vcAoTCTEW7Nqzp4galAuTRguZViw8ksn+Nx2uskEBPm0/ubzy6gVjvXS/P96jLS89C8T9I0hPc417xpNg=="
      },
      "Microsoft.WindowsAppSDK": {
        "type": "Transitive",
        "resolved": "1.6.240923002",
        "contentHash": "7PfOz2scXU+AAM/GYge+f6s7k3DVI+R1P8MNPZQr56GOPCGw+csvcg3S5KZg47z/o04kNvWH3GKtWT1ML9tpZw==",
        "dependencies": {
          "Microsoft.Web.WebView2": "1.0.2651.64",
          "Microsoft.Windows.SDK.BuildTools": "10.0.22621.756"
        }
      }
    },
    "UAP,Version=v10.0.17763/win10-x64": {
      "Microsoft.VCRTForwarders.140": {
        "type": "Transitive",
        "resolved": "1.0.2-rc",
        "contentHash": "/r+sjtEeCIGyDhobIZ5hSmYhC/dSyGZxf1SxYJpElUhB0LMCktOMFs9gXrauXypIFECpVynNyVjAmJt6hjJ5oQ=="
      },
      "Microsoft.Web.WebView2": {
        "type": "Transitive",
        "resolved": "1.0.2651.64",
        "contentHash": "f5sc/vcAoTCTEW7Nqzp4galAuTRguZViw8ksn+Nx2uskEBPm0/ubzy6gVjvXS/P96jLS89C8T9I0hPc417xpNg=="
      },
      "Microsoft.WindowsAppSDK": {
        "type": "Transitive",
        "resolved": "1.6.240923002",
        "contentHash": "7PfOz2scXU+AAM/GYge+f6s7k3DVI+R1P8MNPZQr56GOPCGw+csvcg3S5KZg47z/o04kNvWH3GKtWT1ML9tpZw==",
        "dependencies": {
          "Microsoft.Web.WebView2": "1.0.2651.64",
          "Microsoft.Windows.SDK.BuildTools": "10.0.22621.756"
        }
      }
    },
    "UAP,Version=v10.0.17763/win10-x64-aot": {
      "Microsoft.VCRTForwarders.140": {
        "type": "Transitive",
        "resolved": "1.0.2-rc",
        "contentHash": "/r+sjtEeCIGyDhobIZ5hSmYhC/dSyGZxf1SxYJpElUhB0LMCktOMFs9gXrauXypIFECpVynNyVjAmJt6hjJ5oQ=="
      },
      "Microsoft.Web.WebView2": {
        "type": "Transitive",
        "resolved": "1.0.2651.64",
        "contentHash": "f5sc/vcAoTCTEW7Nqzp4galAuTRguZViw8ksn+Nx2uskEBPm0/ubzy6gVjvXS/P96jLS89C8T9I0hPc417xpNg=="
      },
      "Microsoft.WindowsAppSDK": {
        "type": "Transitive",
        "resolved": "1.6.240923002",
        "contentHash": "7PfOz2scXU+AAM/GYge+f6s7k3DVI+R1P8MNPZQr56GOPCGw+csvcg3S5KZg47z/o04kNvWH3GKtWT1ML9tpZw==",
        "dependencies": {
          "Microsoft.Web.WebView2": "1.0.2651.64",
          "Microsoft.Windows.SDK.BuildTools": "10.0.22621.756"
        }
      }
    },
    "UAP,Version=v10.0.17763/win10-x86": {
      "Microsoft.VCRTForwarders.140": {
        "type": "Transitive",
        "resolved": "1.0.2-rc",
        "contentHash": "/r+sjtEeCIGyDhobIZ5hSmYhC/dSyGZxf1SxYJpElUhB0LMCktOMFs9gXrauXypIFECpVynNyVjAmJt6hjJ5oQ=="
      },
      "Microsoft.Web.WebView2": {
        "type": "Transitive",
        "resolved": "1.0.2651.64",
        "contentHash": "f5sc/vcAoTCTEW7Nqzp4galAuTRguZViw8ksn+Nx2uskEBPm0/ubzy6gVjvXS/P96jLS89C8T9I0hPc417xpNg=="
      },
      "Microsoft.WindowsAppSDK": {
        "type": "Transitive",
        "resolved": "1.6.240923002",
        "contentHash": "7PfOz2scXU+AAM/GYge+f6s7k3DVI+R1P8MNPZQr56GOPCGw+csvcg3S5KZg47z/o04kNvWH3GKtWT1ML9tpZw==",
        "dependencies": {
          "Microsoft.Web.WebView2": "1.0.2651.64",
          "Microsoft.Windows.SDK.BuildTools": "10.0.22621.756"
        }
      }
    },
    "UAP,Version=v10.0.17763/win10-x86-aot": {
      "Microsoft.VCRTForwarders.140": {
        "type": "Transitive",
        "resolved": "1.0.2-rc",
        "contentHash": "/r+sjtEeCIGyDhobIZ5hSmYhC/dSyGZxf1SxYJpElUhB0LMCktOMFs9gXrauXypIFECpVynNyVjAmJt6hjJ5oQ=="
      },
      "Microsoft.Web.WebView2": {
        "type": "Transitive",
        "resolved": "1.0.2651.64",
        "contentHash": "f5sc/vcAoTCTEW7Nqzp4galAuTRguZViw8ksn+Nx2uskEBPm0/ubzy6gVjvXS/P96jLS89C8T9I0hPc417xpNg=="
      },
      "Microsoft.WindowsAppSDK": {
        "type": "Transitive",
        "resolved": "1.6.240923002",
        "contentHash": "7PfOz2scXU+AAM/GYge+f6s7k3DVI+R1P8MNPZQr56GOPCGw+csvcg3S5KZg47z/o04kNvWH3GKtWT1ML9tpZw==",
        "dependencies": {
          "Microsoft.Web.WebView2": "1.0.2651.64",
          "Microsoft.Windows.SDK.BuildTools": "10.0.22621.756"
        }
      }
    }
  }
}