<?xml version="1.0" encoding="utf-8"?>
<Project ToolsVersion="4.0" xmlns="http://schemas.microsoft.com/developer/msbuild/2003">
  <ItemGroup>
    <ClCompile Include="ChakraCoreRuntime.cpp" />
    <ClCompile Include="ChakraCoreRuntimeFactory.cpp" />
    <ClCompile Include="ChakraCoreRuntimeEx.cpp" />
    <ClCompile Include="ChakraCoreRuntimeExFactory.cpp" />
  </ItemGroup>
  <ItemGroup>
    <ClInclude Include="ChakraCoreRuntime.h" />
    <ClInclude Include="ChakraCoreRuntimeFactory.h" />
    <ClInclude Include="ChakraCoreRuntimeEx.h" />
    <ClInclude Include="ChakraCoreRuntimeExArgs.h" />
    <ClInclude Include="ChakraCoreRuntimeExFactory.h" />
  </ItemGroup>
  <ItemGroup>
    <None Include="packages.config" />
  </ItemGroup>
</Project>